PODS:
  - BlocksKit (2.2.5):
    - BlocksKit/All (= 2.2.5)
  - BlocksKit/All (2.2.5):
    - BlocksKit/Core
    - BlocksKit/DynamicDelegate
    - BlocksKit/MessageUI
    - BlocksKit/UIKit
  - BlocksKit/Core (2.2.5)
  - BlocksKit/DynamicDelegate (2.2.5)
  - BlocksKit/MessageUI (2.2.5):
    - BlocksKit/Core
    - BlocksKit/DynamicDelegate
  - BlocksKit/UIKit (2.2.5):
    - BlocksKit/Core
    - BlocksKit/DynamicDelegate
  - CocoaAsyncSocket (7.6.3)
  - Masonry (1.1.0)
  - MBProgressHUD (0.9.2)
  - MQTTClient (0.14.0):
    - MQTTClient/Core (= 0.14.0)
  - MQTTClient/Core (0.14.0):
    - MQTTClient/Manager
    - MQTTClient/Min
  - MQTTClient/Manager (0.14.0):
    - MQTTClient/Min
  - MQTTClient/Min (0.14.0)
  - OpenSSL-Universal (1.0.2.17)
  - Reachability (3.2)
  - SDWebImage (5.1.1):
    - SDWebImage/Core (= 5.1.1)
  - SDWebImage/Core (5.1.1)
  - TuyaSmartBaseKit (3.12.0):
    - Reachability
    - TuyaSmartUtil
    - YYModel
  - TuyaSmartBLEKit (3.12.0):
    - TuyaSmartBaseKit
    - TuyaSmartDeviceKit
    - TYBluetooth
  - TuyaSmartBLEMeshKit (3.12.0):
    - OpenSSL-Universal (= 1.0.2.17)
    - TuyaSmartBaseKit
    - TuyaSmartDeviceKit
    - TYBluetooth
  - TuyaSmartDeviceKit (3.12.0):
    - CocoaAsyncSocket
    - MQTTClient (= 0.14.0)
    - TuyaSmartBaseKit
  - TuyaSmartFeedbackKit (3.12.0):
    - TuyaSmartBaseKit
  - TuyaSmartHomeKit (3.12.0):
    - TuyaSmartHomeKit/All (= 3.12.0)
  - TuyaSmartHomeKit/All (3.12.0):
    - TuyaSmartBaseKit
    - TuyaSmartBLEKit
    - TuyaSmartBLEMeshKit
    - TuyaSmartDeviceKit
    - TuyaSmartFeedbackKit
    - TuyaSmartMessageKit
    - TuyaSmartSceneKit
    - TuyaSmartTimerKit
  - TuyaSmartMessageKit (3.12.0):
    - TuyaSmartBaseKit
  - TuyaSmartMQTTChannelKit (3.12.0):
    - MQTTClient (= 0.14.0)
    - TuyaSmartBaseKit
  - TuyaSmartSceneKit (3.12.0):
    - TuyaSmartBaseKit
    - TuyaSmartDeviceKit
  - TuyaSmartSocketChannelKit (3.12.0):
    - CocoaAsyncSocket
    - TuyaSmartBaseKit
  - TuyaSmartTimerKit (3.12.0):
    - TuyaSmartBaseKit
    - TuyaSmartDeviceKit
  - TuyaSmartUtil (3.12.0):
    - UICKeyChainStore
  - TYBluetooth (3.12.0)
  - UICKeyChainStore (2.1.2)
  - YYModel (1.0.4)

DEPENDENCIES:
  - BlocksKit
  - Masonry
  - MBProgressHUD (~> 0.9.2)
  - Reachability
  - SDWebImage
  - TuyaSmartBaseKit (from `../`)
  - TuyaSmartBLEKit (from `../`)
  - TuyaSmartBLEMeshKit (from `../`)
  - TuyaSmartDeviceKit (from `../`)
  - TuyaSmartFeedbackKit (from `../`)
  - TuyaSmartHomeKit (from `../`)
  - TuyaSmartMessageKit (from `../`)
  - TuyaSmartMQTTChannelKit (from `../`)
  - TuyaSmartSceneKit (from `../`)
  - TuyaSmartSocketChannelKit (from `../`)
  - TuyaSmartTimerKit (from `../`)
  - TuyaSmartUtil (from `../`)
  - TYBluetooth (from `../`)

SPEC REPOS:
  https://github.com/cocoapods/specs.git:
    - BlocksKit
    - CocoaAsyncSocket
    - Masonry
    - MBProgressHUD
    - MQTTClient
    - OpenSSL-Universal
    - Reachability
    - SDWebImage
    - UICKeyChainStore
    - YYModel

EXTERNAL SOURCES:
  TuyaSmartBaseKit:
    :path: "../"
  TuyaSmartBLEKit:
    :path: "../"
  TuyaSmartBLEMeshKit:
    :path: "../"
  TuyaSmartDeviceKit:
    :path: "../"
  TuyaSmartFeedbackKit:
    :path: "../"
  TuyaSmartHomeKit:
    :path: "../"
  TuyaSmartMessageKit:
    :path: "../"
  TuyaSmartMQTTChannelKit:
    :path: "../"
  TuyaSmartSceneKit:
    :path: "../"
  TuyaSmartSocketChannelKit:
    :path: "../"
  TuyaSmartTimerKit:
    :path: "../"
  TuyaSmartUtil:
    :path: "../"
  TYBluetooth:
    :path: "../"

SPEC CHECKSUMS:
  BlocksKit: 7f422b971407001178d181a43b99014ea2591fe6
  CocoaAsyncSocket: eafaa68a7e0ec99ead0a7b35015e0bf25d2c8987
  Masonry: 678fab65091a9290e40e2832a55e7ab731aad201
  MBProgressHUD: 1569cf7ace17a8bac47aabfbb8580a49690386d1
  MQTTClient: eea2eaaa6ddef852a1019a4dda091e22ad928b58
  OpenSSL-Universal: ff04c2e6befc3f1247ae039e60c93f76345b3b5a
  Reachability: 33e18b67625424e47b6cde6d202dce689ad7af96
  SDWebImage: 96d7f03415ccb28d299d765f93557ff8a617abd8
  TuyaSmartBaseKit: 32ab1704f697ee8356d6dfdbe0fcdeaa92ee88da
  TuyaSmartBLEKit: fb20045ba2ebe1dad8989483072b34bba5e42b19
  TuyaSmartBLEMeshKit: 584ef966db4b92a2d0d66e2cf24d48f37c863a96
  TuyaSmartDeviceKit: 6116dc752af5a0a22bbc4c8e4093a809192c7916
  TuyaSmartFeedbackKit: ada15311d0921f4f60fea49cd0e044413fe81e51
  TuyaSmartHomeKit: f41925cf18bf4ddaa71c2511be8b8e18e804dfbb
  TuyaSmartMessageKit: 68ed9f8d5ffb4e8bd91918f4a67dc04cdf67533a
  TuyaSmartMQTTChannelKit: 059d9a8e6741329f16ae229e8a2226c956b260d5
  TuyaSmartSceneKit: 0f9bcf4b8a18b99c75aaadf362aafad845a6e00d
  TuyaSmartSocketChannelKit: 922077d9f3abfb88969174c267bdca8db91579c6
  TuyaSmartTimerKit: a6f0f13f0335abb08016d292ea973fecebeb4964
  TuyaSmartUtil: 0f18560d33eba5c6511a82dd2027768bb7bd4e40
  TYBluetooth: ebcc55dd16315507d740112ec71e87548223fcb0
  UICKeyChainStore: 85db518bb1d294366d15ec9b92a416c4e670518f
  YYModel: 2a7fdd96aaa4b86a824e26d0c517de8928c04b30

PODFILE CHECKSUM: 855c36bf24f6ad2c7575a5a7f49b3655475dfa46

COCOAPODS: 1.7.4
