PODS:
  - BlocksKit (2.2.5):
    - BlocksKit/All (= 2.2.5)
  - BlocksKit/All (2.2.5):
    - BlocksKit/Core
    - BlocksKit/DynamicDelegate
    - BlocksKit/MessageUI
    - BlocksKit/UIKit
  - BlocksKit/Core (2.2.5)
  - BlocksKit/DynamicDelegate (2.2.5)
  - BlocksKit/MessageUI (2.2.5):
    - BlocksKit/Core
    - BlocksKit/DynamicDelegate
  - BlocksKit/UIKit (2.2.5):
    - BlocksKit/Core
    - BlocksKit/DynamicDelegate
  - CocoaAsyncSocket (7.6.3)
  - MBProgressHUD (0.9.2)
  - MQTTClient (0.14.0):
    - MQTTClient/Core (= 0.14.0)
  - MQTTClient/Core (0.14.0):
    - MQTTClient/Manager
    - MQTTClient/Min
  - MQTTClient/Manager (0.14.0):
    - MQTTClient/Min
  - MQTTClient/Min (0.14.0)
  - Reachability (3.2)
  - SDWebImage (4.4.3):
    - SDWebImage/Core (= 4.4.3)
  - SDWebImage/Core (4.4.3)
  - TuyaSmartBaseKit (0.2.2):
    - Reachability
    - TuyaSmartUtil
    - YYModel
  - TuyaSmartBLEKit (0.2.2):
    - TuyaSmartBaseKit
    - TuyaSmartDeviceKit
    - TYBluetooth
  - TuyaSmartBLEMeshKit (0.2.2):
    - TuyaSmartBaseKit
    - TuyaSmartDeviceKit
    - TYBluetooth
  - TuyaSmartDeviceKit (0.2.2):
    - CocoaAsyncSocket
    - MQTTClient (= 0.14.0)
    - TuyaSmartBaseKit
  - TuyaSmartFeedbackKit (0.2.2):
    - TuyaSmartBaseKit
  - TuyaSmartHomeKit (0.2.2):
    - TuyaSmartHomeKit/All (= 0.2.2)
  - TuyaSmartHomeKit/All (0.2.2):
    - TuyaSmartBaseKit
    - TuyaSmartBLEKit
    - TuyaSmartBLEMeshKit
    - TuyaSmartDeviceKit
    - TuyaSmartFeedbackKit
    - TuyaSmartMessageKit
    - TuyaSmartSceneKit
    - TuyaSmartTimerKit
  - TuyaSmartMessageKit (0.2.2):
    - TuyaSmartBaseKit
  - TuyaSmartSceneKit (0.2.2):
    - TuyaSmartBaseKit
    - TuyaSmartDeviceKit
  - TuyaSmartTimerKit (0.2.2):
    - TuyaSmartBaseKit
    - TuyaSmartDeviceKit
  - TuyaSmartUtil (0.2.2):
    - UICKeyChainStore
  - TYBluetooth (0.2.2)
  - UICKeyChainStore (2.1.2)
  - YYModel (1.0.4)

DEPENDENCIES:
  - BlocksKit
  - MBProgressHUD (~> 0.9.2)
  - SDWebImage
  - TuyaSmartBaseKit (from `../`)
  - TuyaSmartBLEKit (from `../`)
  - TuyaSmartBLEMeshKit (from `../`)
  - TuyaSmartDeviceKit (from `../`)
  - TuyaSmartFeedbackKit (from `../`)
  - TuyaSmartHomeKit (from `../`)
  - TuyaSmartMessageKit (from `../`)
  - TuyaSmartSceneKit (from `../`)
  - TuyaSmartTimerKit (from `../`)
  - TuyaSmartUtil (from `../`)
  - TYBluetooth (from `../`)

SPEC REPOS:
  https://github.com/cocoapods/specs.git:
    - BlocksKit
    - CocoaAsyncSocket
    - MBProgressHUD
    - MQTTClient
    - Reachability
    - SDWebImage
    - UICKeyChainStore
    - YYModel

EXTERNAL SOURCES:
  TuyaSmartBaseKit:
    :path: "../"
  TuyaSmartBLEKit:
    :path: "../"
  TuyaSmartBLEMeshKit:
    :path: "../"
  TuyaSmartDeviceKit:
    :path: "../"
  TuyaSmartFeedbackKit:
    :path: "../"
  TuyaSmartHomeKit:
    :path: "../"
  TuyaSmartMessageKit:
    :path: "../"
  TuyaSmartSceneKit:
    :path: "../"
  TuyaSmartTimerKit:
    :path: "../"
  TuyaSmartUtil:
    :path: "../"
  TYBluetooth:
    :path: "../"

SPEC CHECKSUMS:
  BlocksKit: 7f422b971407001178d181a43b99014ea2591fe6
  CocoaAsyncSocket: eafaa68a7e0ec99ead0a7b35015e0bf25d2c8987
  MBProgressHUD: 1569cf7ace17a8bac47aabfbb8580a49690386d1
  MQTTClient: eea2eaaa6ddef852a1019a4dda091e22ad928b58
  Reachability: 33e18b67625424e47b6cde6d202dce689ad7af96
  SDWebImage: c5594f1a19c48d526d321e548902b56b479cd508
  TuyaSmartBaseKit: 08ede81a787518a9c65e6554957ebdb06140008a
  TuyaSmartBLEKit: a0a0ca83c990f8ea056335ce5a1ecb7177df183a
  TuyaSmartBLEMeshKit: 0c0d9c5dc02871b2dc4db86f0c7a3edb7d2ef05a
  TuyaSmartDeviceKit: 39508b6d5a348fa9b336679df8c3ffd5ee2cba46
  TuyaSmartFeedbackKit: 462a7df9b490a4a946c617745da418b3fbf24942
  TuyaSmartHomeKit: fc9ffd1a90594d0bb06714f69329fafeabb72984
  TuyaSmartMessageKit: ce887830068bf563f31f600a0c092a3b7afc8666
  TuyaSmartSceneKit: 0a805c51dfae26572083210dbb4efff29794d83e
  TuyaSmartTimerKit: 365f1e376a83fa775a6e03ba97db483337daa30e
  TuyaSmartUtil: 1bfc37ffdc45e5add4e239c89f09ae005ca2647a
  TYBluetooth: 6be3e6480a2c40cbf9a637e1610e2962a2a82157
  UICKeyChainStore: 85db518bb1d294366d15ec9b92a416c4e670518f
  YYModel: 2a7fdd96aaa4b86a824e26d0c517de8928c04b30

PODFILE CHECKSUM: cc2f279ba45b883b217a0d980f7a21cbd407f158

COCOAPODS: 1.5.3
