// !$*UTF8*$!
{
	archiveVersion = 1;
	classes = {
	};
	objectVersion = 46;
	objects = {

/* Begin PBXBuildFile section */
		3F416F6F22B0FE070086F3E2 /* t_s.bmp in Resources */ = {isa = PBXBuildFile; fileRef = 3F416F6E22B0FE070086F3E2 /* t_s.bmp */; };
		6003F58E195388D20070C39A /* Foundation.framework in Frameworks */ = {isa = PBXBuildFile; fileRef = 6003F58D195388D20070C39A /* Foundation.framework */; };
		6003F590195388D20070C39A /* CoreGraphics.framework in Frameworks */ = {isa = PBXBuildFile; fileRef = 6003F58F195388D20070C39A /* CoreGraphics.framework */; };
		6003F592195388D20070C39A /* UIKit.framework in Frameworks */ = {isa = PBXBuildFile; fileRef = 6003F591195388D20070C39A /* UIKit.framework */; };
		6003F59A195388D20070C39A /* main.m in Sources */ = {isa = PBXBuildFile; fileRef = 6003F599195388D20070C39A /* main.m */; };
		6003F59E195388D20070C39A /* TYAppDelegate.m in Sources */ = {isa = PBXBuildFile; fileRef = 6003F59D195388D20070C39A /* TYAppDelegate.m */; };
		6003F5A9195388D20070C39A /* Images.xcassets in Resources */ = {isa = PBXBuildFile; fileRef = 6003F5A8195388D20070C39A /* Images.xcassets */; };
		6003F5B1195388D20070C39A /* Foundation.framework in Frameworks */ = {isa = PBXBuildFile; fileRef = 6003F58D195388D20070C39A /* Foundation.framework */; };
		6003F5B2195388D20070C39A /* UIKit.framework in Frameworks */ = {isa = PBXBuildFile; fileRef = 6003F591195388D20070C39A /* UIKit.framework */; };
		6539381F223A364C00704EF3 /* CHANGELOG.md in Resources */ = {isa = PBXBuildFile; fileRef = 6539381E223A364C00704EF3 /* CHANGELOG.md */; };
		65AB0CBD228676ED00A2123F /* TuyaSmartMessageKit.podspec in Resources */ = {isa = PBXBuildFile; fileRef = 65AB0CAF228676EB00A2123F /* TuyaSmartMessageKit.podspec */; };
		65AB0CBE228676ED00A2123F /* TuyaSmartBLEKit.podspec in Resources */ = {isa = PBXBuildFile; fileRef = 65AB0CB0228676EB00A2123F /* TuyaSmartBLEKit.podspec */; };
		65AB0CBF228676ED00A2123F /* TYBluetooth.podspec in Resources */ = {isa = PBXBuildFile; fileRef = 65AB0CB1228676EB00A2123F /* TYBluetooth.podspec */; };
		65AB0CC0228676ED00A2123F /* TuyaSmartSceneKit.podspec in Resources */ = {isa = PBXBuildFile; fileRef = 65AB0CB2228676EB00A2123F /* TuyaSmartSceneKit.podspec */; };
		65AB0CC1228676ED00A2123F /* TuyaSmartUtil.podspec in Resources */ = {isa = PBXBuildFile; fileRef = 65AB0CB3228676EB00A2123F /* TuyaSmartUtil.podspec */; };
		65AB0CC2228676ED00A2123F /* TuyaSmartDeviceKit.podspec in Resources */ = {isa = PBXBuildFile; fileRef = 65AB0CB4228676EC00A2123F /* TuyaSmartDeviceKit.podspec */; };
		65AB0CC3228676ED00A2123F /* TuyaSmartTimerKit.podspec in Resources */ = {isa = PBXBuildFile; fileRef = 65AB0CB5228676EC00A2123F /* TuyaSmartTimerKit.podspec */; };
		65AB0CC4228676ED00A2123F /* TuyaSmartFeedbackKit.podspec in Resources */ = {isa = PBXBuildFile; fileRef = 65AB0CB6228676EC00A2123F /* TuyaSmartFeedbackKit.podspec */; };
		65AB0CC5228676ED00A2123F /* TuyaSmartActivatorKit.podspec in Resources */ = {isa = PBXBuildFile; fileRef = 65AB0CB7228676EC00A2123F /* TuyaSmartActivatorKit.podspec */; };
		65AB0CC6228676ED00A2123F /* TuyaSmartBLEMeshKit.podspec in Resources */ = {isa = PBXBuildFile; fileRef = 65AB0CB8228676EC00A2123F /* TuyaSmartBLEMeshKit.podspec */; };
		65AB0CC7228676ED00A2123F /* TuyaSmartHomeKit.podspec in Resources */ = {isa = PBXBuildFile; fileRef = 65AB0CB9228676EC00A2123F /* TuyaSmartHomeKit.podspec */; };
		65AB0CC8228676ED00A2123F /* TuyaSmartSocketChannelKit.podspec in Resources */ = {isa = PBXBuildFile; fileRef = 65AB0CBA228676EC00A2123F /* TuyaSmartSocketChannelKit.podspec */; };
		65AB0CC9228676ED00A2123F /* TuyaSmartMQTTChannelKit.podspec in Resources */ = {isa = PBXBuildFile; fileRef = 65AB0CBB228676EC00A2123F /* TuyaSmartMQTTChannelKit.podspec */; };
		65AB0CCA228676ED00A2123F /* TuyaSmartBaseKit.podspec in Resources */ = {isa = PBXBuildFile; fileRef = 65AB0CBC228676EC00A2123F /* TuyaSmartBaseKit.podspec */; };
		65FC227F20C9015800918C6D /* Localizable.strings in Resources */ = {isa = PBXBuildFile; fileRef = 65FC228120C9015800918C6D /* Localizable.strings */; };
		C5CA651EADE85088C7EBE2CA /* libPods-TuyaSmartHomeKit_Example.a in Frameworks */ = {isa = PBXBuildFile; fileRef = 2733C122EBC7512C7B9CF7C9 /* libPods-TuyaSmartHomeKit_Example.a */; };
		D387F14ADA751472F9F79FB3 /* libPods-TuyaSmartHomeKit_Tests.a in Frameworks */ = {isa = PBXBuildFile; fileRef = A4129804CBE41DF376A20730 /* libPods-TuyaSmartHomeKit_Tests.a */; };
/* End PBXBuildFile section */

/* Begin PBXContainerItemProxy section */
		6003F5B3195388D20070C39A /* PBXContainerItemProxy */ = {
			isa = PBXContainerItemProxy;
			containerPortal = 6003F582195388D10070C39A /* Project object */;
			proxyType = 1;
			remoteGlobalIDString = 6003F589195388D20070C39A;
			remoteInfo = TuyaSmartHomeKit;
		};
/* End PBXContainerItemProxy section */

/* Begin PBXCopyFilesBuildPhase section */
		3FDE1FC222A8C09E0085086B /* Embed App Extensions */ = {
			isa = PBXCopyFilesBuildPhase;
			buildActionMask = 2147483647;
			dstPath = "";
			dstSubfolderSpec = 13;
			files = (
			);
			name = "Embed App Extensions";
			runOnlyForDeploymentPostprocessing = 0;
		};
/* End PBXCopyFilesBuildPhase section */

/* Begin PBXFileReference section */
		2733C122EBC7512C7B9CF7C9 /* libPods-TuyaSmartHomeKit_Example.a */ = {isa = PBXFileReference; explicitFileType = archive.ar; includeInIndex = 0; path = "libPods-TuyaSmartHomeKit_Example.a"; sourceTree = BUILT_PRODUCTS_DIR; };
		2EE166F91D175DBA28FF487B /* LICENSE */ = {isa = PBXFileReference; includeInIndex = 1; lastKnownFileType = text; name = LICENSE; path = ../LICENSE; sourceTree = "<group>"; };
		3F416F6E22B0FE070086F3E2 /* t_s.bmp */ = {isa = PBXFileReference; lastKnownFileType = image.bmp; path = t_s.bmp; sourceTree = "<group>"; };
		3FDE1FB222A8C09E0085086B /* NotificationCenter.framework */ = {isa = PBXFileReference; lastKnownFileType = wrapper.framework; name = NotificationCenter.framework; path = System/Library/Frameworks/NotificationCenter.framework; sourceTree = SDKROOT; };
		3FDE202922A9040A0085086B /* TuyaDeviceWidget_Example.entitlements */ = {isa = PBXFileReference; lastKnownFileType = text.plist.entitlements; path = TuyaDeviceWidget_Example.entitlements; sourceTree = "<group>"; };
		4F58EA995308C3AE6F045398 /* README.md */ = {isa = PBXFileReference; includeInIndex = 1; lastKnownFileType = net.daringfireball.markdown; name = README.md; path = ../README.md; sourceTree = "<group>"; };
		6003F58A195388D20070C39A /* TuyaSmartHomeKit_Example.app */ = {isa = PBXFileReference; explicitFileType = wrapper.application; includeInIndex = 0; path = TuyaSmartHomeKit_Example.app; sourceTree = BUILT_PRODUCTS_DIR; };
		6003F58D195388D20070C39A /* Foundation.framework */ = {isa = PBXFileReference; lastKnownFileType = wrapper.framework; name = Foundation.framework; path = System/Library/Frameworks/Foundation.framework; sourceTree = SDKROOT; };
		6003F58F195388D20070C39A /* CoreGraphics.framework */ = {isa = PBXFileReference; lastKnownFileType = wrapper.framework; name = CoreGraphics.framework; path = System/Library/Frameworks/CoreGraphics.framework; sourceTree = SDKROOT; };
		6003F591195388D20070C39A /* UIKit.framework */ = {isa = PBXFileReference; lastKnownFileType = wrapper.framework; name = UIKit.framework; path = System/Library/Frameworks/UIKit.framework; sourceTree = SDKROOT; };
		6003F595195388D20070C39A /* TuyaSmartHomeKit-Info.plist */ = {isa = PBXFileReference; lastKnownFileType = text.plist.xml; path = "TuyaSmartHomeKit-Info.plist"; sourceTree = "<group>"; };
		6003F599195388D20070C39A /* main.m */ = {isa = PBXFileReference; lastKnownFileType = sourcecode.c.objc; path = main.m; sourceTree = "<group>"; };
		6003F59B195388D20070C39A /* TuyaSmartHomeKit-Prefix.pch */ = {isa = PBXFileReference; lastKnownFileType = sourcecode.c.h; path = "TuyaSmartHomeKit-Prefix.pch"; sourceTree = "<group>"; };
		6003F59C195388D20070C39A /* TYAppDelegate.h */ = {isa = PBXFileReference; lastKnownFileType = sourcecode.c.h; path = TYAppDelegate.h; sourceTree = "<group>"; };
		6003F59D195388D20070C39A /* TYAppDelegate.m */ = {isa = PBXFileReference; lastKnownFileType = sourcecode.c.objc; path = TYAppDelegate.m; sourceTree = "<group>"; };
		6003F5A8195388D20070C39A /* Images.xcassets */ = {isa = PBXFileReference; lastKnownFileType = folder.assetcatalog; path = Images.xcassets; sourceTree = "<group>"; };
		6003F5AE195388D20070C39A /* TuyaSmartHomeKit_Tests.xctest */ = {isa = PBXFileReference; explicitFileType = wrapper.cfbundle; includeInIndex = 0; path = TuyaSmartHomeKit_Tests.xctest; sourceTree = BUILT_PRODUCTS_DIR; };
		6539381E223A364C00704EF3 /* CHANGELOG.md */ = {isa = PBXFileReference; fileEncoding = 4; lastKnownFileType = net.daringfireball.markdown; name = CHANGELOG.md; path = ../../CHANGELOG.md; sourceTree = "<group>"; };
		65AB0CAF228676EB00A2123F /* TuyaSmartMessageKit.podspec */ = {isa = PBXFileReference; fileEncoding = 4; lastKnownFileType = text; name = TuyaSmartMessageKit.podspec; path = ../../../TuyaSmartMessageKit.podspec; sourceTree = "<group>"; };
		65AB0CB0228676EB00A2123F /* TuyaSmartBLEKit.podspec */ = {isa = PBXFileReference; fileEncoding = 4; lastKnownFileType = text; name = TuyaSmartBLEKit.podspec; path = ../../../TuyaSmartBLEKit.podspec; sourceTree = "<group>"; };
		65AB0CB1228676EB00A2123F /* TYBluetooth.podspec */ = {isa = PBXFileReference; fileEncoding = 4; lastKnownFileType = text; name = TYBluetooth.podspec; path = ../../../TYBluetooth.podspec; sourceTree = "<group>"; };
		65AB0CB2228676EB00A2123F /* TuyaSmartSceneKit.podspec */ = {isa = PBXFileReference; fileEncoding = 4; lastKnownFileType = text; name = TuyaSmartSceneKit.podspec; path = ../../../TuyaSmartSceneKit.podspec; sourceTree = "<group>"; };
		65AB0CB3228676EB00A2123F /* TuyaSmartUtil.podspec */ = {isa = PBXFileReference; fileEncoding = 4; lastKnownFileType = text; name = TuyaSmartUtil.podspec; path = ../../../TuyaSmartUtil.podspec; sourceTree = "<group>"; };
		65AB0CB4228676EC00A2123F /* TuyaSmartDeviceKit.podspec */ = {isa = PBXFileReference; fileEncoding = 4; lastKnownFileType = text; name = TuyaSmartDeviceKit.podspec; path = ../../../TuyaSmartDeviceKit.podspec; sourceTree = "<group>"; };
		65AB0CB5228676EC00A2123F /* TuyaSmartTimerKit.podspec */ = {isa = PBXFileReference; fileEncoding = 4; lastKnownFileType = text; name = TuyaSmartTimerKit.podspec; path = ../../../TuyaSmartTimerKit.podspec; sourceTree = "<group>"; };
		65AB0CB6228676EC00A2123F /* TuyaSmartFeedbackKit.podspec */ = {isa = PBXFileReference; fileEncoding = 4; lastKnownFileType = text; name = TuyaSmartFeedbackKit.podspec; path = ../../../TuyaSmartFeedbackKit.podspec; sourceTree = "<group>"; };
		65AB0CB7228676EC00A2123F /* TuyaSmartActivatorKit.podspec */ = {isa = PBXFileReference; fileEncoding = 4; lastKnownFileType = text; name = TuyaSmartActivatorKit.podspec; path = ../../../TuyaSmartActivatorKit.podspec; sourceTree = "<group>"; };
		65AB0CB8228676EC00A2123F /* TuyaSmartBLEMeshKit.podspec */ = {isa = PBXFileReference; fileEncoding = 4; lastKnownFileType = text; name = TuyaSmartBLEMeshKit.podspec; path = ../../../TuyaSmartBLEMeshKit.podspec; sourceTree = "<group>"; };
		65AB0CB9228676EC00A2123F /* TuyaSmartHomeKit.podspec */ = {isa = PBXFileReference; fileEncoding = 4; lastKnownFileType = text; name = TuyaSmartHomeKit.podspec; path = ../../../TuyaSmartHomeKit.podspec; sourceTree = "<group>"; };
		65AB0CBA228676EC00A2123F /* TuyaSmartSocketChannelKit.podspec */ = {isa = PBXFileReference; fileEncoding = 4; lastKnownFileType = text; name = TuyaSmartSocketChannelKit.podspec; path = ../../../TuyaSmartSocketChannelKit.podspec; sourceTree = "<group>"; };
		65AB0CBB228676EC00A2123F /* TuyaSmartMQTTChannelKit.podspec */ = {isa = PBXFileReference; fileEncoding = 4; lastKnownFileType = text; name = TuyaSmartMQTTChannelKit.podspec; path = ../../../TuyaSmartMQTTChannelKit.podspec; sourceTree = "<group>"; };
		65AB0CBC228676EC00A2123F /* TuyaSmartBaseKit.podspec */ = {isa = PBXFileReference; fileEncoding = 4; lastKnownFileType = text; name = TuyaSmartBaseKit.podspec; path = ../../../TuyaSmartBaseKit.podspec; sourceTree = "<group>"; };
		65FC228020C9015800918C6D /* en */ = {isa = PBXFileReference; lastKnownFileType = text.plist.strings; name = en; path = en.lproj/Localizable.strings; sourceTree = "<group>"; };
		65FC228220C9015B00918C6D /* zh-Hans */ = {isa = PBXFileReference; lastKnownFileType = text.plist.strings; name = "zh-Hans"; path = "zh-Hans.lproj/Localizable.strings"; sourceTree = "<group>"; };
		6BFFC7212195B7EE00FC35ED /* TuyaSmartHomeKit_Example.entitlements */ = {isa = PBXFileReference; lastKnownFileType = text.plist.entitlements; path = TuyaSmartHomeKit_Example.entitlements; sourceTree = "<group>"; };
		7A31E63E294D3A59BD65AEAF /* Pods-TuyaSmartHomeKit_Tests.debug.xcconfig */ = {isa = PBXFileReference; includeInIndex = 1; lastKnownFileType = text.xcconfig; name = "Pods-TuyaSmartHomeKit_Tests.debug.xcconfig"; path = "Pods/Target Support Files/Pods-TuyaSmartHomeKit_Tests/Pods-TuyaSmartHomeKit_Tests.debug.xcconfig"; sourceTree = "<group>"; };
		A4129804CBE41DF376A20730 /* libPods-TuyaSmartHomeKit_Tests.a */ = {isa = PBXFileReference; explicitFileType = archive.ar; includeInIndex = 0; path = "libPods-TuyaSmartHomeKit_Tests.a"; sourceTree = BUILT_PRODUCTS_DIR; };
		C9F20759742465F5584699FF /* Pods-TuyaDeviceWidget_Example.release.xcconfig */ = {isa = PBXFileReference; includeInIndex = 1; lastKnownFileType = text.xcconfig; name = "Pods-TuyaDeviceWidget_Example.release.xcconfig"; path = "Pods/Target Support Files/Pods-TuyaDeviceWidget_Example/Pods-TuyaDeviceWidget_Example.release.xcconfig"; sourceTree = "<group>"; };
		DBEEEE4C4AA2F67DCA271369 /* Pods-TuyaSmartHomeKit_Example.release.xcconfig */ = {isa = PBXFileReference; includeInIndex = 1; lastKnownFileType = text.xcconfig; name = "Pods-TuyaSmartHomeKit_Example.release.xcconfig"; path = "Pods/Target Support Files/Pods-TuyaSmartHomeKit_Example/Pods-TuyaSmartHomeKit_Example.release.xcconfig"; sourceTree = "<group>"; };
		E245176B7D72A06DD107AFF3 /* Pods-TuyaSmartHomeKit_Tests.release.xcconfig */ = {isa = PBXFileReference; includeInIndex = 1; lastKnownFileType = text.xcconfig; name = "Pods-TuyaSmartHomeKit_Tests.release.xcconfig"; path = "Pods/Target Support Files/Pods-TuyaSmartHomeKit_Tests/Pods-TuyaSmartHomeKit_Tests.release.xcconfig"; sourceTree = "<group>"; };
		E2758476270FB654A33AE481 /* Pods-TuyaSmartHomeKit_Example.debug.xcconfig */ = {isa = PBXFileReference; includeInIndex = 1; lastKnownFileType = text.xcconfig; name = "Pods-TuyaSmartHomeKit_Example.debug.xcconfig"; path = "Pods/Target Support Files/Pods-TuyaSmartHomeKit_Example/Pods-TuyaSmartHomeKit_Example.debug.xcconfig"; sourceTree = "<group>"; };
		F1CE4A61F1DAAA21EF27825F /* Pods-TuyaDeviceWidget_Example.debug.xcconfig */ = {isa = PBXFileReference; includeInIndex = 1; lastKnownFileType = text.xcconfig; name = "Pods-TuyaDeviceWidget_Example.debug.xcconfig"; path = "Pods/Target Support Files/Pods-TuyaDeviceWidget_Example/Pods-TuyaDeviceWidget_Example.debug.xcconfig"; sourceTree = "<group>"; };
		FC665B7C3D046640DDBE7430 /* TuyaSmartHomeKit.podspec */ = {isa = PBXFileReference; includeInIndex = 1; lastKnownFileType = text; name = TuyaSmartHomeKit.podspec; path = ../TuyaSmartHomeKit.podspec; sourceTree = "<group>"; };
		FD9F5006742408F03530EF61 /* libPods-TuyaDeviceWidget_Example.a */ = {isa = PBXFileReference; explicitFileType = archive.ar; includeInIndex = 0; path = "libPods-TuyaDeviceWidget_Example.a"; sourceTree = BUILT_PRODUCTS_DIR; };
/* End PBXFileReference section */

/* Begin PBXFrameworksBuildPhase section */
		6003F587195388D20070C39A /* Frameworks */ = {
			isa = PBXFrameworksBuildPhase;
			buildActionMask = 2147483647;
			files = (
				6003F590195388D20070C39A /* CoreGraphics.framework in Frameworks */,
				6003F592195388D20070C39A /* UIKit.framework in Frameworks */,
				6003F58E195388D20070C39A /* Foundation.framework in Frameworks */,
				C5CA651EADE85088C7EBE2CA /* libPods-TuyaSmartHomeKit_Example.a in Frameworks */,
			);
			runOnlyForDeploymentPostprocessing = 0;
		};
		6003F5AB195388D20070C39A /* Frameworks */ = {
			isa = PBXFrameworksBuildPhase;
			buildActionMask = 2147483647;
			files = (
				6003F5B2195388D20070C39A /* UIKit.framework in Frameworks */,
				6003F5B1195388D20070C39A /* Foundation.framework in Frameworks */,
				D387F14ADA751472F9F79FB3 /* libPods-TuyaSmartHomeKit_Tests.a in Frameworks */,
			);
			runOnlyForDeploymentPostprocessing = 0;
		};
/* End PBXFrameworksBuildPhase section */

/* Begin PBXGroup section */
		3407522CBD210F97D5DC35DC /* Pods */ = {
			isa = PBXGroup;
			children = (
				E2758476270FB654A33AE481 /* Pods-TuyaSmartHomeKit_Example.debug.xcconfig */,
				DBEEEE4C4AA2F67DCA271369 /* Pods-TuyaSmartHomeKit_Example.release.xcconfig */,
				F1CE4A61F1DAAA21EF27825F /* Pods-TuyaDeviceWidget_Example.debug.xcconfig */,
				C9F20759742465F5584699FF /* Pods-TuyaDeviceWidget_Example.release.xcconfig */,
				7A31E63E294D3A59BD65AEAF /* Pods-TuyaSmartHomeKit_Tests.debug.xcconfig */,
				E245176B7D72A06DD107AFF3 /* Pods-TuyaSmartHomeKit_Tests.release.xcconfig */,
			);
			name = Pods;
			sourceTree = "<group>";
		};
		6003F581195388D10070C39A = {
			isa = PBXGroup;
			children = (
				3FDE202922A9040A0085086B /* TuyaDeviceWidget_Example.entitlements */,
				6BFFC7212195B7EE00FC35ED /* TuyaSmartHomeKit_Example.entitlements */,
				6003F593195388D20070C39A /* Example for TuyaSmartHomeKit */,
				6003F58C195388D20070C39A /* Frameworks */,
				6003F58B195388D20070C39A /* Products */,
				60FF7A9C1954A5C5007DD14C /* Podspec Metadata */,
				3407522CBD210F97D5DC35DC /* Pods */,
			);
			sourceTree = "<group>";
		};
		6003F58B195388D20070C39A /* Products */ = {
			isa = PBXGroup;
			children = (
				6003F58A195388D20070C39A /* TuyaSmartHomeKit_Example.app */,
				6003F5AE195388D20070C39A /* TuyaSmartHomeKit_Tests.xctest */,
			);
			name = Products;
			sourceTree = "<group>";
		};
		6003F58C195388D20070C39A /* Frameworks */ = {
			isa = PBXGroup;
			children = (
				6003F58D195388D20070C39A /* Foundation.framework */,
				6003F58F195388D20070C39A /* CoreGraphics.framework */,
				6003F591195388D20070C39A /* UIKit.framework */,
				2733C122EBC7512C7B9CF7C9 /* libPods-TuyaSmartHomeKit_Example.a */,
				3FDE1FB222A8C09E0085086B /* NotificationCenter.framework */,
				FD9F5006742408F03530EF61 /* libPods-TuyaDeviceWidget_Example.a */,
				A4129804CBE41DF376A20730 /* libPods-TuyaSmartHomeKit_Tests.a */,
			);
			name = Frameworks;
			sourceTree = "<group>";
		};
		6003F593195388D20070C39A /* Example for TuyaSmartHomeKit */ = {
			isa = PBXGroup;
			children = (
				65AB0CAE228676DE00A2123F /* Spec */,
				6539381E223A364C00704EF3 /* CHANGELOG.md */,
				6003F59C195388D20070C39A /* TYAppDelegate.h */,
				6003F59D195388D20070C39A /* TYAppDelegate.m */,
				3F416F6E22B0FE070086F3E2 /* t_s.bmp */,
				6003F5A8195388D20070C39A /* Images.xcassets */,
				6003F594195388D20070C39A /* Supporting Files */,
			);
			name = "Example for TuyaSmartHomeKit";
			path = TuyaSmartHomeKit;
			sourceTree = "<group>";
		};
		6003F594195388D20070C39A /* Supporting Files */ = {
			isa = PBXGroup;
			children = (
				6003F595195388D20070C39A /* TuyaSmartHomeKit-Info.plist */,
				6003F599195388D20070C39A /* main.m */,
				6003F59B195388D20070C39A /* TuyaSmartHomeKit-Prefix.pch */,
				65FC228120C9015800918C6D /* Localizable.strings */,
			);
			name = "Supporting Files";
			sourceTree = "<group>";
		};
		60FF7A9C1954A5C5007DD14C /* Podspec Metadata */ = {
			isa = PBXGroup;
			children = (
				FC665B7C3D046640DDBE7430 /* TuyaSmartHomeKit.podspec */,
				4F58EA995308C3AE6F045398 /* README.md */,
				2EE166F91D175DBA28FF487B /* LICENSE */,
			);
			name = "Podspec Metadata";
			sourceTree = "<group>";
		};
		65AB0CAE228676DE00A2123F /* Spec */ = {
			isa = PBXGroup;
			children = (
				65AB0CB7228676EC00A2123F /* TuyaSmartActivatorKit.podspec */,
				65AB0CBC228676EC00A2123F /* TuyaSmartBaseKit.podspec */,
				65AB0CB0228676EB00A2123F /* TuyaSmartBLEKit.podspec */,
				65AB0CB8228676EC00A2123F /* TuyaSmartBLEMeshKit.podspec */,
				65AB0CB4228676EC00A2123F /* TuyaSmartDeviceKit.podspec */,
				65AB0CB6228676EC00A2123F /* TuyaSmartFeedbackKit.podspec */,
				65AB0CB9228676EC00A2123F /* TuyaSmartHomeKit.podspec */,
				65AB0CAF228676EB00A2123F /* TuyaSmartMessageKit.podspec */,
				65AB0CBB228676EC00A2123F /* TuyaSmartMQTTChannelKit.podspec */,
				65AB0CB2228676EB00A2123F /* TuyaSmartSceneKit.podspec */,
				65AB0CBA228676EC00A2123F /* TuyaSmartSocketChannelKit.podspec */,
				65AB0CB5228676EC00A2123F /* TuyaSmartTimerKit.podspec */,
				65AB0CB3228676EB00A2123F /* TuyaSmartUtil.podspec */,
				65AB0CB1228676EB00A2123F /* TYBluetooth.podspec */,
			);
			path = Spec;
			sourceTree = "<group>";
		};
/* End PBXGroup section */

/* Begin PBXNativeTarget section */
		6003F589195388D20070C39A /* TuyaSmartHomeKit_Example */ = {
			isa = PBXNativeTarget;
			buildConfigurationList = 6003F5BF195388D20070C39A /* Build configuration list for PBXNativeTarget "TuyaSmartHomeKit_Example" */;
			buildPhases = (
				CF8B0613686D1141CC8496A7 /* [CP] Check Pods Manifest.lock */,
				6003F586195388D20070C39A /* Sources */,
				6003F587195388D20070C39A /* Frameworks */,
				6003F588195388D20070C39A /* Resources */,
				3FDE1FC222A8C09E0085086B /* Embed App Extensions */,
				E032644C38594CBA563178B0 /* [CP] Copy Pods Resources */,
			);
			buildRules = (
			);
			dependencies = (
			);
			name = TuyaSmartHomeKit_Example;
			productName = TuyaSmartHomeKit;
			productReference = 6003F58A195388D20070C39A /* TuyaSmartHomeKit_Example.app */;
			productType = "com.apple.product-type.application";
		};
		6003F5AD195388D20070C39A /* TuyaSmartHomeKit_Tests */ = {
			isa = PBXNativeTarget;
			buildConfigurationList = 6003F5C2195388D20070C39A /* Build configuration list for PBXNativeTarget "TuyaSmartHomeKit_Tests" */;
			buildPhases = (
				E1E83E6618A5FC67663274C2 /* [CP] Check Pods Manifest.lock */,
				6003F5AA195388D20070C39A /* Sources */,
				6003F5AB195388D20070C39A /* Frameworks */,
				6003F5AC195388D20070C39A /* Resources */,
			);
			buildRules = (
			);
			dependencies = (
				6003F5B4195388D20070C39A /* PBXTargetDependency */,
			);
			name = TuyaSmartHomeKit_Tests;
			productName = TuyaSmartHomeKitTests;
			productReference = 6003F5AE195388D20070C39A /* TuyaSmartHomeKit_Tests.xctest */;
			productType = "com.apple.product-type.bundle.unit-test";
		};
/* End PBXNativeTarget section */

/* Begin PBXProject section */
		6003F582195388D10070C39A /* Project object */ = {
			isa = PBXProject;
			attributes = {
				CLASSPREFIX = TY;
				DefaultBuildSystemTypeForWorkspace = Original;
				LastUpgradeCheck = 0720;
				ORGANIZATIONNAME = xuchengcheng;
				TargetAttributes = {
					6003F589195388D20070C39A = {
						DevelopmentTeam = 94JFPTRDN5;
						SystemCapabilities = {
							com.apple.AccessWiFi = {
								enabled = 1;
							};
							com.apple.ApplicationGroups.iOS = {
								enabled = 1;
							};
						};
					};
					6003F5AD195388D20070C39A = {
						TestTargetID = 6003F589195388D20070C39A;
					};
				};
			};
			buildConfigurationList = 6003F585195388D10070C39A /* Build configuration list for PBXProject "TuyaSmartHomeKit" */;
			compatibilityVersion = "Xcode 3.2";
			developmentRegion = English;
			hasScannedForEncodings = 0;
			knownRegions = (
				English,
				en,
				Base,
				"zh-Hans",
			);
			mainGroup = 6003F581195388D10070C39A;
			productRefGroup = 6003F58B195388D20070C39A /* Products */;
			projectDirPath = "";
			projectRoot = "";
			targets = (
				6003F589195388D20070C39A /* TuyaSmartHomeKit_Example */,
				6003F5AD195388D20070C39A /* TuyaSmartHomeKit_Tests */,
			);
		};
/* End PBXProject section */

/* Begin PBXResourcesBuildPhase section */
		6003F588195388D20070C39A /* Resources */ = {
			isa = PBXResourcesBuildPhase;
			buildActionMask = 2147483647;
			files = (
				6003F5A9195388D20070C39A /* Images.xcassets in Resources */,
				65AB0CC2228676ED00A2123F /* TuyaSmartDeviceKit.podspec in Resources */,
				65AB0CC7228676ED00A2123F /* TuyaSmartHomeKit.podspec in Resources */,
				65AB0CBF228676ED00A2123F /* TYBluetooth.podspec in Resources */,
				65AB0CC6228676ED00A2123F /* TuyaSmartBLEMeshKit.podspec in Resources */,
				3F416F6F22B0FE070086F3E2 /* t_s.bmp in Resources */,
				65AB0CC3228676ED00A2123F /* TuyaSmartTimerKit.podspec in Resources */,
				65AB0CC1228676ED00A2123F /* TuyaSmartUtil.podspec in Resources */,
				65AB0CC8228676ED00A2123F /* TuyaSmartSocketChannelKit.podspec in Resources */,
				65AB0CCA228676ED00A2123F /* TuyaSmartBaseKit.podspec in Resources */,
				65AB0CBD228676ED00A2123F /* TuyaSmartMessageKit.podspec in Resources */,
				65FC227F20C9015800918C6D /* Localizable.strings in Resources */,
				65AB0CC4228676ED00A2123F /* TuyaSmartFeedbackKit.podspec in Resources */,
				6539381F223A364C00704EF3 /* CHANGELOG.md in Resources */,
				65AB0CBE228676ED00A2123F /* TuyaSmartBLEKit.podspec in Resources */,
				65AB0CC9228676ED00A2123F /* TuyaSmartMQTTChannelKit.podspec in Resources */,
				65AB0CC0228676ED00A2123F /* TuyaSmartSceneKit.podspec in Resources */,
				65AB0CC5228676ED00A2123F /* TuyaSmartActivatorKit.podspec in Resources */,
			);
			runOnlyForDeploymentPostprocessing = 0;
		};
		6003F5AC195388D20070C39A /* Resources */ = {
			isa = PBXResourcesBuildPhase;
			buildActionMask = 2147483647;
			files = (
			);
			runOnlyForDeploymentPostprocessing = 0;
		};
/* End PBXResourcesBuildPhase section */

/* Begin PBXShellScriptBuildPhase section */
		CF8B0613686D1141CC8496A7 /* [CP] Check Pods Manifest.lock */ = {
			isa = PBXShellScriptBuildPhase;
			buildActionMask = 12;
			files = (
			);
			inputPaths = (
				"${PODS_PODFILE_DIR_PATH}/Podfile.lock",
				"${PODS_ROOT}/Manifest.lock",
			);
			name = "[CP] Check Pods Manifest.lock";
			outputPaths = (
				"$(DERIVED_FILE_DIR)/Pods-TuyaSmartHomeKit_Example-checkManifestLockResult.txt",
			);
			runOnlyForDeploymentPostprocessing = 0;
			shellPath = /bin/sh;
			shellScript = "diff \"${PODS_PODFILE_DIR_PATH}/Podfile.lock\" \"${PODS_ROOT}/Manifest.lock\" > /dev/null\nif [ $? != 0 ] ; then\n    # print error to STDERR\n    echo \"error: The sandbox is not in sync with the Podfile.lock. Run 'pod install' or update your CocoaPods installation.\" >&2\n    exit 1\nfi\n# This output is used by Xcode 'outputs' to avoid re-running this script phase.\necho \"SUCCESS\" > \"${SCRIPT_OUTPUT_FILE_0}\"\n";
			showEnvVarsInLog = 0;
		};
		E032644C38594CBA563178B0 /* [CP] Copy Pods Resources */ = {
			isa = PBXShellScriptBuildPhase;
			buildActionMask = 2147483647;
			files = (
			);
			inputPaths = (
				"${PODS_ROOT}/Target Support Files/Pods-TuyaSmartHomeKit_Example/Pods-TuyaSmartHomeKit_Example-resources.sh",
				"${PODS_ROOT}/../../TuyaSmartDemo/Classes/Base/Assets/cell_view_arrow@2x.png",
				"${PODS_ROOT}/../../TuyaSmartDemo/Classes/Base/Assets/cell_view_arrow@3x.png",
				"${PODS_ROOT}/../../TuyaSmartDemo/Classes/Base/Assets/customColor.plist",
				"${PODS_ROOT}/../../TuyaSmartDemo/Classes/Base/Assets/en.lproj/Localizable.strings",
				"${PODS_ROOT}/../../TuyaSmartDemo/Classes/Base/Assets/en.lproj/TPViewsLocalizable.strings",
				"${PODS_ROOT}/../../TuyaSmartDemo/Classes/Base/Assets/phoneCodeList.plist",
				"${PODS_ROOT}/../../TuyaSmartDemo/Classes/Base/Assets/tp_top_bar_back@2x.png",
				"${PODS_ROOT}/../../TuyaSmartDemo/Classes/Base/Assets/tp_top_bar_back@3x.png",
				"${PODS_ROOT}/../../TuyaSmartDemo/Classes/Base/Assets/tysmart_selected@2x.png",
				"${PODS_ROOT}/../../TuyaSmartDemo/Classes/Base/Assets/tysmart_selected@3x.png",
				"${PODS_ROOT}/../../TuyaSmartDemo/Classes/Base/Assets/ty_mainbt_about@2x.png",
				"${PODS_ROOT}/../../TuyaSmartDemo/Classes/Base/Assets/ty_mainbt_about@3x.png",
				"${PODS_ROOT}/../../TuyaSmartDemo/Classes/Base/Assets/ty_mainbt_about_active@2x.png",
				"${PODS_ROOT}/../../TuyaSmartDemo/Classes/Base/Assets/ty_mainbt_about_active@3x.png",
				"${PODS_ROOT}/../../TuyaSmartDemo/Classes/Base/Assets/ty_mainbt_add@2x.png",
				"${PODS_ROOT}/../../TuyaSmartDemo/Classes/Base/Assets/ty_mainbt_add@3x.png",
				"${PODS_ROOT}/../../TuyaSmartDemo/Classes/Base/Assets/ty_mainbt_add_active@2x.png",
				"${PODS_ROOT}/../../TuyaSmartDemo/Classes/Base/Assets/ty_mainbt_add_active@3x.png",
				"${PODS_ROOT}/../../TuyaSmartDemo/Classes/Base/Assets/ty_mainbt_devicelist@2x.png",
				"${PODS_ROOT}/../../TuyaSmartDemo/Classes/Base/Assets/ty_mainbt_devicelist@3x.png",
				"${PODS_ROOT}/../../TuyaSmartDemo/Classes/Base/Assets/ty_mainbt_devicelist_active@2x.png",
				"${PODS_ROOT}/../../TuyaSmartDemo/Classes/Base/Assets/ty_mainbt_devicelist_active@3x.png",
				"${PODS_ROOT}/../../TuyaSmartDemo/Classes/Base/Assets/zh-Hans.lproj/Localizable.strings",
				"${PODS_ROOT}/../../TuyaSmartDemo/Classes/Base/Assets/zh-Hans.lproj/TPViewsLocalizable.strings",
				"${PODS_ROOT}/../../TuyaSmartDemo/Classes/Base/Assets/en.lproj",
				"${PODS_ROOT}/../../TuyaSmartDemo/Classes/Base/Assets/zh-Hans.lproj",
				"${PODS_ROOT}/../../TuyaSmartDemo/Classes/DeviceList/Assets/power_off@2x.png",
				"${PODS_ROOT}/../../TuyaSmartDemo/Classes/DeviceList/Assets/power_off@3x.png",
				"${PODS_ROOT}/../../TuyaSmartDemo/Classes/DeviceList/Assets/power_on@2x.png",
				"${PODS_ROOT}/../../TuyaSmartDemo/Classes/DeviceList/Assets/power_on@3x.png",
				"${PODS_ROOT}/../../TuyaSmartDemo/Classes/DeviceList/Assets/ty_devicelist_dot_gray@2x.png",
				"${PODS_ROOT}/../../TuyaSmartDemo/Classes/DeviceList/Assets/ty_devicelist_dot_gray@3x.png",
				"${PODS_ROOT}/../../TuyaSmartDemo/Classes/DeviceList/Assets/ty_devicelist_dot_green@2x.png",
				"${PODS_ROOT}/../../TuyaSmartDemo/Classes/DeviceList/Assets/ty_devicelist_dot_green@3x.png",
				"${PODS_ROOT}/../../TuyaSmartDemo/Classes/DeviceList/Assets/ty_devicelist_share_gray@2x.png",
				"${PODS_ROOT}/../../TuyaSmartDemo/Classes/DeviceList/Assets/ty_devicelist_share_gray@3x.png",
				"${PODS_ROOT}/../../TuyaSmartDemo/Classes/DeviceList/Assets/ty_devicelist_share_green@2x.png",
				"${PODS_ROOT}/../../TuyaSmartDemo/Classes/DeviceList/Assets/ty_devicelist_share_green@3x.png",
				"${PODS_ROOT}/../../TuyaSmartDemo/Classes/DeviceList/Assets/ty_list_empty@2x.png",
				"${PODS_ROOT}/../../TuyaSmartDemo/Classes/DeviceList/Assets/ty_list_empty@3x.png",
				"${PODS_ROOT}/../../TuyaSmartDemo/Classes/DeviceList/Assets/ty_panel_arrows@2x.png",
				"${PODS_ROOT}/../../TuyaSmartDemo/Classes/DeviceList/Assets/ty_panel_arrows@3x.png",
				"${PODS_ROOT}/../../TuyaSmartDemo/Classes/DeviceList/Assets/ty_panel_minus@2x.png",
				"${PODS_ROOT}/../../TuyaSmartDemo/Classes/DeviceList/Assets/ty_panel_minus@3x.png",
				"${PODS_ROOT}/../../TuyaSmartDemo/Classes/DeviceList/Assets/ty_panel_plus@2x.png",
				"${PODS_ROOT}/../../TuyaSmartDemo/Classes/DeviceList/Assets/ty_panel_plus@3x.png",
				"${PODS_ROOT}/../../TuyaSmartDemo/Classes/DeviceList/Assets/ty_panel_select@2x.png",
				"${PODS_ROOT}/../../TuyaSmartDemo/Classes/DeviceList/Assets/ty_panel_select@3x.png",
				"${PODS_ROOT}/../../TuyaSmartDemo/Classes/SmartScene/Assets/ty_add@2x.png",
				"${PODS_ROOT}/../../TuyaSmartDemo/Classes/SmartScene/Assets/ty_add@3x.png",
				"${PODS_ROOT}/../../TuyaSmartDemo/Classes/SmartScene/Assets/ty_index_custom@2x.png",
				"${PODS_ROOT}/../../TuyaSmartDemo/Classes/SmartScene/Assets/ty_index_custom@3x.png",
				"${PODS_ROOT}/../../TuyaSmartDemo/Classes/SmartScene/Assets/ty_index_scene_close@2x.png",
				"${PODS_ROOT}/../../TuyaSmartDemo/Classes/SmartScene/Assets/ty_index_scene_close@3x.png",
				"${PODS_ROOT}/../../TuyaSmartDemo/Classes/SmartScene/Assets/ty_scene_active@3x.png",
				"${PODS_ROOT}/../../TuyaSmartDemo/Classes/SmartScene/Assets/ty_scene_add_action@2x.png",
				"${PODS_ROOT}/../../TuyaSmartDemo/Classes/SmartScene/Assets/ty_scene_add_action@3x.png",
				"${PODS_ROOT}/../../TuyaSmartDemo/Classes/SmartScene/Assets/ty_scene_custom2@2x.png",
				"${PODS_ROOT}/../../TuyaSmartDemo/Classes/SmartScene/Assets/ty_scene_custom2@3x.png",
				"${PODS_ROOT}/../../TuyaSmartDemo/Classes/SmartScene/Assets/ty_scene_error@2x.png",
				"${PODS_ROOT}/../../TuyaSmartDemo/Classes/SmartScene/Assets/ty_scene_error@3x.png",
				"${PODS_ROOT}/../../TuyaSmartDemo/Classes/SmartScene/Assets/ty_scene_gray@3x.png",
				"${PODS_ROOT}/../../TuyaSmartDemo/Classes/SmartScene/Assets/ty_scene_selected@2x.png",
				"${PODS_ROOT}/../../TuyaSmartDemo/Classes/SmartScene/Assets/ty_scene_selected@3x.png",
				"${PODS_ROOT}/../../TuyaSmartDemo/Classes/SmartScene/Assets/ty_scene_switch@2x.png",
				"${PODS_ROOT}/../../TuyaSmartDemo/Classes/SmartScene/Assets/ty_scene_switch@3x.png",
				"${PODS_ROOT}/TuyaSmartUtil/ios/TuyaSmartUtil.framework/Versions/A/Resources/TuyaSmartUtil.bundle",
			);
			name = "[CP] Copy Pods Resources";
			outputPaths = (
				"${TARGET_BUILD_DIR}/${UNLOCALIZED_RESOURCES_FOLDER_PATH}/cell_view_arrow@2x.png",
				"${TARGET_BUILD_DIR}/${UNLOCALIZED_RESOURCES_FOLDER_PATH}/cell_view_arrow@3x.png",
				"${TARGET_BUILD_DIR}/${UNLOCALIZED_RESOURCES_FOLDER_PATH}/customColor.plist",
				"${TARGET_BUILD_DIR}/${UNLOCALIZED_RESOURCES_FOLDER_PATH}/Localizable.strings",
				"${TARGET_BUILD_DIR}/${UNLOCALIZED_RESOURCES_FOLDER_PATH}/TPViewsLocalizable.strings",
				"${TARGET_BUILD_DIR}/${UNLOCALIZED_RESOURCES_FOLDER_PATH}/phoneCodeList.plist",
				"${TARGET_BUILD_DIR}/${UNLOCALIZED_RESOURCES_FOLDER_PATH}/tp_top_bar_back@2x.png",
				"${TARGET_BUILD_DIR}/${UNLOCALIZED_RESOURCES_FOLDER_PATH}/tp_top_bar_back@3x.png",
				"${TARGET_BUILD_DIR}/${UNLOCALIZED_RESOURCES_FOLDER_PATH}/tysmart_selected@2x.png",
				"${TARGET_BUILD_DIR}/${UNLOCALIZED_RESOURCES_FOLDER_PATH}/tysmart_selected@3x.png",
				"${TARGET_BUILD_DIR}/${UNLOCALIZED_RESOURCES_FOLDER_PATH}/ty_mainbt_about@2x.png",
				"${TARGET_BUILD_DIR}/${UNLOCALIZED_RESOURCES_FOLDER_PATH}/ty_mainbt_about@3x.png",
				"${TARGET_BUILD_DIR}/${UNLOCALIZED_RESOURCES_FOLDER_PATH}/ty_mainbt_about_active@2x.png",
				"${TARGET_BUILD_DIR}/${UNLOCALIZED_RESOURCES_FOLDER_PATH}/ty_mainbt_about_active@3x.png",
				"${TARGET_BUILD_DIR}/${UNLOCALIZED_RESOURCES_FOLDER_PATH}/ty_mainbt_add@2x.png",
				"${TARGET_BUILD_DIR}/${UNLOCALIZED_RESOURCES_FOLDER_PATH}/ty_mainbt_add@3x.png",
				"${TARGET_BUILD_DIR}/${UNLOCALIZED_RESOURCES_FOLDER_PATH}/ty_mainbt_add_active@2x.png",
				"${TARGET_BUILD_DIR}/${UNLOCALIZED_RESOURCES_FOLDER_PATH}/ty_mainbt_add_active@3x.png",
				"${TARGET_BUILD_DIR}/${UNLOCALIZED_RESOURCES_FOLDER_PATH}/ty_mainbt_devicelist@2x.png",
				"${TARGET_BUILD_DIR}/${UNLOCALIZED_RESOURCES_FOLDER_PATH}/ty_mainbt_devicelist@3x.png",
				"${TARGET_BUILD_DIR}/${UNLOCALIZED_RESOURCES_FOLDER_PATH}/ty_mainbt_devicelist_active@2x.png",
				"${TARGET_BUILD_DIR}/${UNLOCALIZED_RESOURCES_FOLDER_PATH}/ty_mainbt_devicelist_active@3x.png",
				"${TARGET_BUILD_DIR}/${UNLOCALIZED_RESOURCES_FOLDER_PATH}/en.lproj",
				"${TARGET_BUILD_DIR}/${UNLOCALIZED_RESOURCES_FOLDER_PATH}/zh-Hans.lproj",
				"${TARGET_BUILD_DIR}/${UNLOCALIZED_RESOURCES_FOLDER_PATH}/power_off@2x.png",
				"${TARGET_BUILD_DIR}/${UNLOCALIZED_RESOURCES_FOLDER_PATH}/power_off@3x.png",
				"${TARGET_BUILD_DIR}/${UNLOCALIZED_RESOURCES_FOLDER_PATH}/power_on@2x.png",
				"${TARGET_BUILD_DIR}/${UNLOCALIZED_RESOURCES_FOLDER_PATH}/power_on@3x.png",
				"${TARGET_BUILD_DIR}/${UNLOCALIZED_RESOURCES_FOLDER_PATH}/ty_devicelist_dot_gray@2x.png",
				"${TARGET_BUILD_DIR}/${UNLOCALIZED_RESOURCES_FOLDER_PATH}/ty_devicelist_dot_gray@3x.png",
				"${TARGET_BUILD_DIR}/${UNLOCALIZED_RESOURCES_FOLDER_PATH}/ty_devicelist_dot_green@2x.png",
				"${TARGET_BUILD_DIR}/${UNLOCALIZED_RESOURCES_FOLDER_PATH}/ty_devicelist_dot_green@3x.png",
				"${TARGET_BUILD_DIR}/${UNLOCALIZED_RESOURCES_FOLDER_PATH}/ty_devicelist_share_gray@2x.png",
				"${TARGET_BUILD_DIR}/${UNLOCALIZED_RESOURCES_FOLDER_PATH}/ty_devicelist_share_gray@3x.png",
				"${TARGET_BUILD_DIR}/${UNLOCALIZED_RESOURCES_FOLDER_PATH}/ty_devicelist_share_green@2x.png",
				"${TARGET_BUILD_DIR}/${UNLOCALIZED_RESOURCES_FOLDER_PATH}/ty_devicelist_share_green@3x.png",
				"${TARGET_BUILD_DIR}/${UNLOCALIZED_RESOURCES_FOLDER_PATH}/ty_list_empty@2x.png",
				"${TARGET_BUILD_DIR}/${UNLOCALIZED_RESOURCES_FOLDER_PATH}/ty_list_empty@3x.png",
				"${TARGET_BUILD_DIR}/${UNLOCALIZED_RESOURCES_FOLDER_PATH}/ty_panel_arrows@2x.png",
				"${TARGET_BUILD_DIR}/${UNLOCALIZED_RESOURCES_FOLDER_PATH}/ty_panel_arrows@3x.png",
				"${TARGET_BUILD_DIR}/${UNLOCALIZED_RESOURCES_FOLDER_PATH}/ty_panel_minus@2x.png",
				"${TARGET_BUILD_DIR}/${UNLOCALIZED_RESOURCES_FOLDER_PATH}/ty_panel_minus@3x.png",
				"${TARGET_BUILD_DIR}/${UNLOCALIZED_RESOURCES_FOLDER_PATH}/ty_panel_plus@2x.png",
				"${TARGET_BUILD_DIR}/${UNLOCALIZED_RESOURCES_FOLDER_PATH}/ty_panel_plus@3x.png",
				"${TARGET_BUILD_DIR}/${UNLOCALIZED_RESOURCES_FOLDER_PATH}/ty_panel_select@2x.png",
				"${TARGET_BUILD_DIR}/${UNLOCALIZED_RESOURCES_FOLDER_PATH}/ty_panel_select@3x.png",
				"${TARGET_BUILD_DIR}/${UNLOCALIZED_RESOURCES_FOLDER_PATH}/ty_add@2x.png",
				"${TARGET_BUILD_DIR}/${UNLOCALIZED_RESOURCES_FOLDER_PATH}/ty_add@3x.png",
				"${TARGET_BUILD_DIR}/${UNLOCALIZED_RESOURCES_FOLDER_PATH}/ty_index_custom@2x.png",
				"${TARGET_BUILD_DIR}/${UNLOCALIZED_RESOURCES_FOLDER_PATH}/ty_index_custom@3x.png",
				"${TARGET_BUILD_DIR}/${UNLOCALIZED_RESOURCES_FOLDER_PATH}/ty_index_scene_close@2x.png",
				"${TARGET_BUILD_DIR}/${UNLOCALIZED_RESOURCES_FOLDER_PATH}/ty_index_scene_close@3x.png",
				"${TARGET_BUILD_DIR}/${UNLOCALIZED_RESOURCES_FOLDER_PATH}/ty_scene_active@3x.png",
				"${TARGET_BUILD_DIR}/${UNLOCALIZED_RESOURCES_FOLDER_PATH}/ty_scene_add_action@2x.png",
				"${TARGET_BUILD_DIR}/${UNLOCALIZED_RESOURCES_FOLDER_PATH}/ty_scene_add_action@3x.png",
				"${TARGET_BUILD_DIR}/${UNLOCALIZED_RESOURCES_FOLDER_PATH}/ty_scene_custom2@2x.png",
				"${TARGET_BUILD_DIR}/${UNLOCALIZED_RESOURCES_FOLDER_PATH}/ty_scene_custom2@3x.png",
				"${TARGET_BUILD_DIR}/${UNLOCALIZED_RESOURCES_FOLDER_PATH}/ty_scene_error@2x.png",
				"${TARGET_BUILD_DIR}/${UNLOCALIZED_RESOURCES_FOLDER_PATH}/ty_scene_error@3x.png",
				"${TARGET_BUILD_DIR}/${UNLOCALIZED_RESOURCES_FOLDER_PATH}/ty_scene_gray@3x.png",
				"${TARGET_BUILD_DIR}/${UNLOCALIZED_RESOURCES_FOLDER_PATH}/ty_scene_selected@2x.png",
				"${TARGET_BUILD_DIR}/${UNLOCALIZED_RESOURCES_FOLDER_PATH}/ty_scene_selected@3x.png",
				"${TARGET_BUILD_DIR}/${UNLOCALIZED_RESOURCES_FOLDER_PATH}/ty_scene_switch@2x.png",
				"${TARGET_BUILD_DIR}/${UNLOCALIZED_RESOURCES_FOLDER_PATH}/ty_scene_switch@3x.png",
				"${TARGET_BUILD_DIR}/${UNLOCALIZED_RESOURCES_FOLDER_PATH}/TuyaSmartUtil.bundle",
			);
			runOnlyForDeploymentPostprocessing = 0;
			shellPath = /bin/sh;
			shellScript = "\"${PODS_ROOT}/Target Support Files/Pods-TuyaSmartHomeKit_Example/Pods-TuyaSmartHomeKit_Example-resources.sh\"\n";
			showEnvVarsInLog = 0;
		};
		E1E83E6618A5FC67663274C2 /* [CP] Check Pods Manifest.lock */ = {
			isa = PBXShellScriptBuildPhase;
			buildActionMask = 2147483647;
			files = (
			);
			inputFileListPaths = (
			);
			inputPaths = (
				"${PODS_PODFILE_DIR_PATH}/Podfile.lock",
				"${PODS_ROOT}/Manifest.lock",
			);
			name = "[CP] Check Pods Manifest.lock";
			outputFileListPaths = (
			);
			outputPaths = (
				"$(DERIVED_FILE_DIR)/Pods-TuyaSmartHomeKit_Tests-checkManifestLockResult.txt",
			);
			runOnlyForDeploymentPostprocessing = 0;
			shellPath = /bin/sh;
			shellScript = "diff \"${PODS_PODFILE_DIR_PATH}/Podfile.lock\" \"${PODS_ROOT}/Manifest.lock\" > /dev/null\nif [ $? != 0 ] ; then\n    # print error to STDERR\n    echo \"error: The sandbox is not in sync with the Podfile.lock. Run 'pod install' or update your CocoaPods installation.\" >&2\n    exit 1\nfi\n# This output is used by Xcode 'outputs' to avoid re-running this script phase.\necho \"SUCCESS\" > \"${SCRIPT_OUTPUT_FILE_0}\"\n";
			showEnvVarsInLog = 0;
		};
/* End PBXShellScriptBuildPhase section */

/* Begin PBXSourcesBuildPhase section */
		6003F586195388D20070C39A /* Sources */ = {
			isa = PBXSourcesBuildPhase;
			buildActionMask = 2147483647;
			files = (
				6003F59E195388D20070C39A /* TYAppDelegate.m in Sources */,
				6003F59A195388D20070C39A /* main.m in Sources */,
			);
			runOnlyForDeploymentPostprocessing = 0;
		};
		6003F5AA195388D20070C39A /* Sources */ = {
			isa = PBXSourcesBuildPhase;
			buildActionMask = 2147483647;
			files = (
			);
			runOnlyForDeploymentPostprocessing = 0;
		};
/* End PBXSourcesBuildPhase section */

/* Begin PBXTargetDependency section */
		6003F5B4195388D20070C39A /* PBXTargetDependency */ = {
			isa = PBXTargetDependency;
			target = 6003F589195388D20070C39A /* TuyaSmartHomeKit_Example */;
			targetProxy = 6003F5B3195388D20070C39A /* PBXContainerItemProxy */;
		};
/* End PBXTargetDependency section */

/* Begin PBXVariantGroup section */
		65FC228120C9015800918C6D /* Localizable.strings */ = {
			isa = PBXVariantGroup;
			children = (
				65FC228020C9015800918C6D /* en */,
				65FC228220C9015B00918C6D /* zh-Hans */,
			);
			name = Localizable.strings;
			sourceTree = "<group>";
		};
/* End PBXVariantGroup section */

/* Begin XCBuildConfiguration section */
		6003F5BD195388D20070C39A /* Debug */ = {
			isa = XCBuildConfiguration;
			buildSettings = {
				ALWAYS_SEARCH_USER_PATHS = NO;
				CLANG_CXX_LANGUAGE_STANDARD = "gnu++0x";
				CLANG_CXX_LIBRARY = "libc++";
				CLANG_ENABLE_MODULES = YES;
				CLANG_ENABLE_OBJC_ARC = YES;
				CLANG_WARN_BOOL_CONVERSION = YES;
				CLANG_WARN_CONSTANT_CONVERSION = YES;
				CLANG_WARN_DIRECT_OBJC_ISA_USAGE = YES_ERROR;
				CLANG_WARN_EMPTY_BODY = YES;
				CLANG_WARN_ENUM_CONVERSION = YES;
				CLANG_WARN_INT_CONVERSION = YES;
				CLANG_WARN_OBJC_ROOT_CLASS = YES_ERROR;
				CLANG_WARN__DUPLICATE_METHOD_MATCH = YES;
				"CODE_SIGN_IDENTITY[sdk=iphoneos*]" = "iPhone Developer";
				COPY_PHASE_STRIP = NO;
				ENABLE_TESTABILITY = YES;
				GCC_C_LANGUAGE_STANDARD = gnu99;
				GCC_DYNAMIC_NO_PIC = NO;
				GCC_OPTIMIZATION_LEVEL = 0;
				GCC_PREPROCESSOR_DEFINITIONS = (
					"DEBUG=1",
					"$(inherited)",
				);
				GCC_SYMBOLS_PRIVATE_EXTERN = NO;
				GCC_WARN_64_TO_32_BIT_CONVERSION = YES;
				GCC_WARN_ABOUT_RETURN_TYPE = YES_ERROR;
				GCC_WARN_UNDECLARED_SELECTOR = YES;
				GCC_WARN_UNINITIALIZED_AUTOS = YES_AGGRESSIVE;
				GCC_WARN_UNUSED_FUNCTION = YES;
				GCC_WARN_UNUSED_VARIABLE = YES;
				IPHONEOS_DEPLOYMENT_TARGET = 8.0;
				ONLY_ACTIVE_ARCH = YES;
				SDKROOT = iphoneos;
				TARGETED_DEVICE_FAMILY = "1,2";
			};
			name = Debug;
		};
		6003F5BE195388D20070C39A /* Release */ = {
			isa = XCBuildConfiguration;
			buildSettings = {
				ALWAYS_SEARCH_USER_PATHS = NO;
				CLANG_CXX_LANGUAGE_STANDARD = "gnu++0x";
				CLANG_CXX_LIBRARY = "libc++";
				CLANG_ENABLE_MODULES = YES;
				CLANG_ENABLE_OBJC_ARC = YES;
				CLANG_WARN_BOOL_CONVERSION = YES;
				CLANG_WARN_CONSTANT_CONVERSION = YES;
				CLANG_WARN_DIRECT_OBJC_ISA_USAGE = YES_ERROR;
				CLANG_WARN_EMPTY_BODY = YES;
				CLANG_WARN_ENUM_CONVERSION = YES;
				CLANG_WARN_INT_CONVERSION = YES;
				CLANG_WARN_OBJC_ROOT_CLASS = YES_ERROR;
				CLANG_WARN__DUPLICATE_METHOD_MATCH = YES;
				"CODE_SIGN_IDENTITY[sdk=iphoneos*]" = "iPhone Developer";
				COPY_PHASE_STRIP = YES;
				ENABLE_NS_ASSERTIONS = NO;
				GCC_C_LANGUAGE_STANDARD = gnu99;
				GCC_WARN_64_TO_32_BIT_CONVERSION = YES;
				GCC_WARN_ABOUT_RETURN_TYPE = YES_ERROR;
				GCC_WARN_UNDECLARED_SELECTOR = YES;
				GCC_WARN_UNINITIALIZED_AUTOS = YES_AGGRESSIVE;
				GCC_WARN_UNUSED_FUNCTION = YES;
				GCC_WARN_UNUSED_VARIABLE = YES;
				IPHONEOS_DEPLOYMENT_TARGET = 8.0;
				SDKROOT = iphoneos;
				TARGETED_DEVICE_FAMILY = "1,2";
				VALIDATE_PRODUCT = YES;
			};
			name = Release;
		};
		6003F5C0195388D20070C39A /* Debug */ = {
			isa = XCBuildConfiguration;
			baseConfigurationReference = E2758476270FB654A33AE481 /* Pods-TuyaSmartHomeKit_Example.debug.xcconfig */;
			buildSettings = {
				ASSETCATALOG_COMPILER_APPICON_NAME = AppIcon;
				ASSETCATALOG_COMPILER_LAUNCHIMAGE_NAME = LaunchImage;
				CODE_SIGN_ENTITLEMENTS = TuyaSmartHomeKit_Example.entitlements;
				CODE_SIGN_IDENTITY = "iPhone Developer";
				DEVELOPMENT_TEAM = 94JFPTRDN5;
				GCC_PRECOMPILE_PREFIX_HEADER = YES;
				GCC_PREFIX_HEADER = "TuyaSmartHomeKit/TuyaSmartHomeKit-Prefix.pch";
				INFOPLIST_FILE = "TuyaSmartHomeKit/TuyaSmartHomeKit-Info.plist";
				IPHONEOS_DEPLOYMENT_TARGET = 9.0;
				MODULE_NAME = ExampleApp;
				PRODUCT_BUNDLE_IDENTIFIER = com.smart.demotest;
				PRODUCT_NAME = "$(TARGET_NAME)";
				TARGETED_DEVICE_FAMILY = 1;
				WRAPPER_EXTENSION = app;
			};
			name = Debug;
		};
		6003F5C1195388D20070C39A /* Release */ = {
			isa = XCBuildConfiguration;
			baseConfigurationReference = DBEEEE4C4AA2F67DCA271369 /* Pods-TuyaSmartHomeKit_Example.release.xcconfig */;
			buildSettings = {
				ASSETCATALOG_COMPILER_APPICON_NAME = AppIcon;
				ASSETCATALOG_COMPILER_LAUNCHIMAGE_NAME = LaunchImage;
				CODE_SIGN_ENTITLEMENTS = TuyaSmartHomeKit_Example.entitlements;
				CODE_SIGN_IDENTITY = "iPhone Developer";
				DEVELOPMENT_TEAM = 94JFPTRDN5;
				GCC_PRECOMPILE_PREFIX_HEADER = YES;
				GCC_PREFIX_HEADER = "TuyaSmartHomeKit/TuyaSmartHomeKit-Prefix.pch";
				INFOPLIST_FILE = "TuyaSmartHomeKit/TuyaSmartHomeKit-Info.plist";
				IPHONEOS_DEPLOYMENT_TARGET = 9.0;
				MODULE_NAME = ExampleApp;
				PRODUCT_BUNDLE_IDENTIFIER = com.smart.demotest;
				PRODUCT_NAME = "$(TARGET_NAME)";
				TARGETED_DEVICE_FAMILY = 1;
				WRAPPER_EXTENSION = app;
			};
			name = Release;
		};
		6003F5C3195388D20070C39A /* Debug */ = {
			isa = XCBuildConfiguration;
			baseConfigurationReference = 7A31E63E294D3A59BD65AEAF /* Pods-TuyaSmartHomeKit_Tests.debug.xcconfig */;
			buildSettings = {
				BUNDLE_LOADER = "$(TEST_HOST)";
				FRAMEWORK_SEARCH_PATHS = (
					"$(SDKROOT)/Developer/Library/Frameworks",
					"$(inherited)",
					"$(DEVELOPER_FRAMEWORKS_DIR)",
				);
				GCC_PRECOMPILE_PREFIX_HEADER = YES;
				GCC_PREFIX_HEADER = "Tests/Tests-Prefix.pch";
				GCC_PREPROCESSOR_DEFINITIONS = (
					"DEBUG=1",
					"$(inherited)",
				);
				INFOPLIST_FILE = "Tests/Tests-Info.plist";
				PRODUCT_BUNDLE_IDENTIFIER = "org.cocoapods.demo.${PRODUCT_NAME:rfc1034identifier}";
				PRODUCT_NAME = "$(TARGET_NAME)";
				TEST_HOST = "$(BUILT_PRODUCTS_DIR)/TuyaSmartHomeKit_Example.app/TuyaSmartHomeKit_Example";
				WRAPPER_EXTENSION = xctest;
			};
			name = Debug;
		};
		6003F5C4195388D20070C39A /* Release */ = {
			isa = XCBuildConfiguration;
			baseConfigurationReference = E245176B7D72A06DD107AFF3 /* Pods-TuyaSmartHomeKit_Tests.release.xcconfig */;
			buildSettings = {
				BUNDLE_LOADER = "$(TEST_HOST)";
				FRAMEWORK_SEARCH_PATHS = (
					"$(SDKROOT)/Developer/Library/Frameworks",
					"$(inherited)",
					"$(DEVELOPER_FRAMEWORKS_DIR)",
				);
				GCC_PRECOMPILE_PREFIX_HEADER = YES;
				GCC_PREFIX_HEADER = "Tests/Tests-Prefix.pch";
				INFOPLIST_FILE = "Tests/Tests-Info.plist";
				PRODUCT_BUNDLE_IDENTIFIER = "org.cocoapods.demo.${PRODUCT_NAME:rfc1034identifier}";
				PRODUCT_NAME = "$(TARGET_NAME)";
				TEST_HOST = "$(BUILT_PRODUCTS_DIR)/TuyaSmartHomeKit_Example.app/TuyaSmartHomeKit_Example";
				WRAPPER_EXTENSION = xctest;
			};
			name = Release;
		};
/* End XCBuildConfiguration section */

/* Begin XCConfigurationList section */
		6003F585195388D10070C39A /* Build configuration list for PBXProject "TuyaSmartHomeKit" */ = {
			isa = XCConfigurationList;
			buildConfigurations = (
				6003F5BD195388D20070C39A /* Debug */,
				6003F5BE195388D20070C39A /* Release */,
			);
			defaultConfigurationIsVisible = 0;
			defaultConfigurationName = Release;
		};
		6003F5BF195388D20070C39A /* Build configuration list for PBXNativeTarget "TuyaSmartHomeKit_Example" */ = {
			isa = XCConfigurationList;
			buildConfigurations = (
				6003F5C0195388D20070C39A /* Debug */,
				6003F5C1195388D20070C39A /* Release */,
			);
			defaultConfigurationIsVisible = 0;
			defaultConfigurationName = Release;
		};
		6003F5C2195388D20070C39A /* Build configuration list for PBXNativeTarget "TuyaSmartHomeKit_Tests" */ = {
			isa = XCConfigurationList;
			buildConfigurations = (
				6003F5C3195388D20070C39A /* Debug */,
				6003F5C4195388D20070C39A /* Release */,
			);
			defaultConfigurationIsVisible = 0;
			defaultConfigurationName = Release;
		};
/* End XCConfigurationList section */
	};
	rootObject = 6003F582195388D10070C39A /* Project object */;
}
