// !$*UTF8*$!
{
	archiveVersion = 1;
	classes = {
	};
	objectVersion = 48;
	objects = {

/* Begin PBXBuildFile section */
		261F583983B9B59003A5DAE9 /* libPods-TuyaSmartHomeKitDemo.a in Frameworks */ = {isa = PBXBuildFile; fileRef = A1C961346B40D69637FBABC5 /* libPods-TuyaSmartHomeKitDemo.a */; };
		657141E3206F320100A04C0E /* TuyaSmartHomeKit.podspec in Resources */ = {isa = PBXBuildFile; fileRef = 657141E2206F320100A04C0E /* TuyaSmartHomeKit.podspec */; };
		657FA295204E985F007DDF52 /* AppDelegate.m in Sources */ = {isa = PBXBuildFile; fileRef = 657FA294204E985F007DDF52 /* AppDelegate.m */; };
		657FA298204E985F007DDF52 /* ViewController.m in Sources */ = {isa = PBXBuildFile; fileRef = 657FA297204E985F007DDF52 /* ViewController.m */; };
		657FA29B204E985F007DDF52 /* Main.storyboard in Resources */ = {isa = PBXBuildFile; fileRef = 657FA299204E985F007DDF52 /* Main.storyboard */; };
		657FA29D204E985F007DDF52 /* Assets.xcassets in Resources */ = {isa = PBXBuildFile; fileRef = 657FA29C204E985F007DDF52 /* Assets.xcassets */; };
		657FA2A0204E985F007DDF52 /* LaunchScreen.storyboard in Resources */ = {isa = PBXBuildFile; fileRef = 657FA29E204E985F007DDF52 /* LaunchScreen.storyboard */; };
		657FA2A3204E985F007DDF52 /* main.m in Sources */ = {isa = PBXBuildFile; fileRef = 657FA2A2204E985F007DDF52 /* main.m */; };
		657FA2AD204E985F007DDF52 /* TuyaSmartHomeKitDemoTests.m in Sources */ = {isa = PBXBuildFile; fileRef = 657FA2AC204E985F007DDF52 /* TuyaSmartHomeKitDemoTests.m */; };
		657FA2B8204E985F007DDF52 /* TuyaSmartHomeKitDemoUITests.m in Sources */ = {isa = PBXBuildFile; fileRef = 657FA2B7204E985F007DDF52 /* TuyaSmartHomeKitDemoUITests.m */; };
/* End PBXBuildFile section */

/* Begin PBXContainerItemProxy section */
		657FA2A9204E985F007DDF52 /* PBXContainerItemProxy */ = {
			isa = PBXContainerItemProxy;
			containerPortal = 657FA288204E985F007DDF52 /* Project object */;
			proxyType = 1;
			remoteGlobalIDString = 657FA28F204E985F007DDF52;
			remoteInfo = TuyaSmartHomeKitDemo;
		};
		657FA2B4204E985F007DDF52 /* PBXContainerItemProxy */ = {
			isa = PBXContainerItemProxy;
			containerPortal = 657FA288204E985F007DDF52 /* Project object */;
			proxyType = 1;
			remoteGlobalIDString = 657FA28F204E985F007DDF52;
			remoteInfo = TuyaSmartHomeKitDemo;
		};
/* End PBXContainerItemProxy section */

/* Begin PBXFileReference section */
		0ABC6B8B227D22BBC58AB26F /* Pods-TuyaSmartHomeKitDemo.release.xcconfig */ = {isa = PBXFileReference; includeInIndex = 1; lastKnownFileType = text.xcconfig; name = "Pods-TuyaSmartHomeKitDemo.release.xcconfig"; path = "Pods/Target Support Files/Pods-TuyaSmartHomeKitDemo/Pods-TuyaSmartHomeKitDemo.release.xcconfig"; sourceTree = "<group>"; };
		657141E2206F320100A04C0E /* TuyaSmartHomeKit.podspec */ = {isa = PBXFileReference; fileEncoding = 4; lastKnownFileType = text; name = TuyaSmartHomeKit.podspec; path = ../../TuyaSmartHomeKit.podspec; sourceTree = "<group>"; };
		657FA290204E985F007DDF52 /* TuyaSmartHomeKitDemo.app */ = {isa = PBXFileReference; explicitFileType = wrapper.application; includeInIndex = 0; path = TuyaSmartHomeKitDemo.app; sourceTree = BUILT_PRODUCTS_DIR; };
		657FA293204E985F007DDF52 /* AppDelegate.h */ = {isa = PBXFileReference; lastKnownFileType = sourcecode.c.h; path = AppDelegate.h; sourceTree = "<group>"; };
		657FA294204E985F007DDF52 /* AppDelegate.m */ = {isa = PBXFileReference; lastKnownFileType = sourcecode.c.objc; path = AppDelegate.m; sourceTree = "<group>"; };
		657FA296204E985F007DDF52 /* ViewController.h */ = {isa = PBXFileReference; lastKnownFileType = sourcecode.c.h; path = ViewController.h; sourceTree = "<group>"; };
		657FA297204E985F007DDF52 /* ViewController.m */ = {isa = PBXFileReference; lastKnownFileType = sourcecode.c.objc; path = ViewController.m; sourceTree = "<group>"; };
		657FA29A204E985F007DDF52 /* Base */ = {isa = PBXFileReference; lastKnownFileType = file.storyboard; name = Base; path = Base.lproj/Main.storyboard; sourceTree = "<group>"; };
		657FA29C204E985F007DDF52 /* Assets.xcassets */ = {isa = PBXFileReference; lastKnownFileType = folder.assetcatalog; path = Assets.xcassets; sourceTree = "<group>"; };
		657FA29F204E985F007DDF52 /* Base */ = {isa = PBXFileReference; lastKnownFileType = file.storyboard; name = Base; path = Base.lproj/LaunchScreen.storyboard; sourceTree = "<group>"; };
		657FA2A1204E985F007DDF52 /* Info.plist */ = {isa = PBXFileReference; lastKnownFileType = text.plist.xml; path = Info.plist; sourceTree = "<group>"; };
		657FA2A2204E985F007DDF52 /* main.m */ = {isa = PBXFileReference; lastKnownFileType = sourcecode.c.objc; path = main.m; sourceTree = "<group>"; };
		657FA2A8204E985F007DDF52 /* TuyaSmartHomeKitDemoTests.xctest */ = {isa = PBXFileReference; explicitFileType = wrapper.cfbundle; includeInIndex = 0; path = TuyaSmartHomeKitDemoTests.xctest; sourceTree = BUILT_PRODUCTS_DIR; };
		657FA2AC204E985F007DDF52 /* TuyaSmartHomeKitDemoTests.m */ = {isa = PBXFileReference; lastKnownFileType = sourcecode.c.objc; path = TuyaSmartHomeKitDemoTests.m; sourceTree = "<group>"; };
		657FA2AE204E985F007DDF52 /* Info.plist */ = {isa = PBXFileReference; lastKnownFileType = text.plist.xml; path = Info.plist; sourceTree = "<group>"; };
		657FA2B3204E985F007DDF52 /* TuyaSmartHomeKitDemoUITests.xctest */ = {isa = PBXFileReference; explicitFileType = wrapper.cfbundle; includeInIndex = 0; path = TuyaSmartHomeKitDemoUITests.xctest; sourceTree = BUILT_PRODUCTS_DIR; };
		657FA2B7204E985F007DDF52 /* TuyaSmartHomeKitDemoUITests.m */ = {isa = PBXFileReference; lastKnownFileType = sourcecode.c.objc; path = TuyaSmartHomeKitDemoUITests.m; sourceTree = "<group>"; };
		657FA2B9204E985F007DDF52 /* Info.plist */ = {isa = PBXFileReference; lastKnownFileType = text.plist.xml; path = Info.plist; sourceTree = "<group>"; };
		A1C961346B40D69637FBABC5 /* libPods-TuyaSmartHomeKitDemo.a */ = {isa = PBXFileReference; explicitFileType = archive.ar; includeInIndex = 0; path = "libPods-TuyaSmartHomeKitDemo.a"; sourceTree = BUILT_PRODUCTS_DIR; };
		B8C15E627DDE40CA5A025D07 /* Pods-TuyaSmartHomeKitDemo.debug.xcconfig */ = {isa = PBXFileReference; includeInIndex = 1; lastKnownFileType = text.xcconfig; name = "Pods-TuyaSmartHomeKitDemo.debug.xcconfig"; path = "Pods/Target Support Files/Pods-TuyaSmartHomeKitDemo/Pods-TuyaSmartHomeKitDemo.debug.xcconfig"; sourceTree = "<group>"; };
/* End PBXFileReference section */

/* Begin PBXFrameworksBuildPhase section */
		657FA28D204E985F007DDF52 /* Frameworks */ = {
			isa = PBXFrameworksBuildPhase;
			buildActionMask = 2147483647;
			files = (
				261F583983B9B59003A5DAE9 /* libPods-TuyaSmartHomeKitDemo.a in Frameworks */,
			);
			runOnlyForDeploymentPostprocessing = 0;
		};
		657FA2A5204E985F007DDF52 /* Frameworks */ = {
			isa = PBXFrameworksBuildPhase;
			buildActionMask = 2147483647;
			files = (
			);
			runOnlyForDeploymentPostprocessing = 0;
		};
		657FA2B0204E985F007DDF52 /* Frameworks */ = {
			isa = PBXFrameworksBuildPhase;
			buildActionMask = 2147483647;
			files = (
			);
			runOnlyForDeploymentPostprocessing = 0;
		};
/* End PBXFrameworksBuildPhase section */

/* Begin PBXGroup section */
		2149BB7BAC7A215FD1461F6F /* Frameworks */ = {
			isa = PBXGroup;
			children = (
				A1C961346B40D69637FBABC5 /* libPods-TuyaSmartHomeKitDemo.a */,
			);
			name = Frameworks;
			sourceTree = "<group>";
		};
		657FA287204E985F007DDF52 = {
			isa = PBXGroup;
			children = (
				657FA292204E985F007DDF52 /* TuyaSmartHomeKitDemo */,
				657FA2AB204E985F007DDF52 /* TuyaSmartHomeKitDemoTests */,
				657FA2B6204E985F007DDF52 /* TuyaSmartHomeKitDemoUITests */,
				657FA291204E985F007DDF52 /* Products */,
				96EB178F9559AE3FE409D272 /* Pods */,
				2149BB7BAC7A215FD1461F6F /* Frameworks */,
			);
			sourceTree = "<group>";
		};
		657FA291204E985F007DDF52 /* Products */ = {
			isa = PBXGroup;
			children = (
				657FA290204E985F007DDF52 /* TuyaSmartHomeKitDemo.app */,
				657FA2A8204E985F007DDF52 /* TuyaSmartHomeKitDemoTests.xctest */,
				657FA2B3204E985F007DDF52 /* TuyaSmartHomeKitDemoUITests.xctest */,
			);
			name = Products;
			sourceTree = "<group>";
		};
		657FA292204E985F007DDF52 /* TuyaSmartHomeKitDemo */ = {
			isa = PBXGroup;
			children = (
				657141E2206F320100A04C0E /* TuyaSmartHomeKit.podspec */,
				657FA293204E985F007DDF52 /* AppDelegate.h */,
				657FA294204E985F007DDF52 /* AppDelegate.m */,
				657FA296204E985F007DDF52 /* ViewController.h */,
				657FA297204E985F007DDF52 /* ViewController.m */,
				657FA299204E985F007DDF52 /* Main.storyboard */,
				657FA29C204E985F007DDF52 /* Assets.xcassets */,
				657FA29E204E985F007DDF52 /* LaunchScreen.storyboard */,
				657FA2A1204E985F007DDF52 /* Info.plist */,
				657FA2A2204E985F007DDF52 /* main.m */,
			);
			path = TuyaSmartHomeKitDemo;
			sourceTree = "<group>";
		};
		657FA2AB204E985F007DDF52 /* TuyaSmartHomeKitDemoTests */ = {
			isa = PBXGroup;
			children = (
				657FA2AC204E985F007DDF52 /* TuyaSmartHomeKitDemoTests.m */,
				657FA2AE204E985F007DDF52 /* Info.plist */,
			);
			path = TuyaSmartHomeKitDemoTests;
			sourceTree = "<group>";
		};
		657FA2B6204E985F007DDF52 /* TuyaSmartHomeKitDemoUITests */ = {
			isa = PBXGroup;
			children = (
				657FA2B7204E985F007DDF52 /* TuyaSmartHomeKitDemoUITests.m */,
				657FA2B9204E985F007DDF52 /* Info.plist */,
			);
			path = TuyaSmartHomeKitDemoUITests;
			sourceTree = "<group>";
		};
		96EB178F9559AE3FE409D272 /* Pods */ = {
			isa = PBXGroup;
			children = (
				B8C15E627DDE40CA5A025D07 /* Pods-TuyaSmartHomeKitDemo.debug.xcconfig */,
				0ABC6B8B227D22BBC58AB26F /* Pods-TuyaSmartHomeKitDemo.release.xcconfig */,
			);
			name = Pods;
			sourceTree = "<group>";
		};
/* End PBXGroup section */

/* Begin PBXNativeTarget section */
		657FA28F204E985F007DDF52 /* TuyaSmartHomeKitDemo */ = {
			isa = PBXNativeTarget;
			buildConfigurationList = 657FA2BC204E985F007DDF52 /* Build configuration list for PBXNativeTarget "TuyaSmartHomeKitDemo" */;
			buildPhases = (
				2B9A9C9A3FD29784589647A1 /* [CP] Check Pods Manifest.lock */,
				657FA28C204E985F007DDF52 /* Sources */,
				657FA28D204E985F007DDF52 /* Frameworks */,
				657FA28E204E985F007DDF52 /* Resources */,
				D8FB31B87DDC35CDAF04F442 /* [CP] Embed Pods Frameworks */,
				2C528ADB61EF254B22715606 /* [CP] Copy Pods Resources */,
			);
			buildRules = (
			);
			dependencies = (
			);
			name = TuyaSmartHomeKitDemo;
			productName = TuyaSmartHomeKitDemo;
			productReference = 657FA290204E985F007DDF52 /* TuyaSmartHomeKitDemo.app */;
			productType = "com.apple.product-type.application";
		};
		657FA2A7204E985F007DDF52 /* TuyaSmartHomeKitDemoTests */ = {
			isa = PBXNativeTarget;
			buildConfigurationList = 657FA2BF204E985F007DDF52 /* Build configuration list for PBXNativeTarget "TuyaSmartHomeKitDemoTests" */;
			buildPhases = (
				657FA2A4204E985F007DDF52 /* Sources */,
				657FA2A5204E985F007DDF52 /* Frameworks */,
				657FA2A6204E985F007DDF52 /* Resources */,
			);
			buildRules = (
			);
			dependencies = (
				657FA2AA204E985F007DDF52 /* PBXTargetDependency */,
			);
			name = TuyaSmartHomeKitDemoTests;
			productName = TuyaSmartHomeKitDemoTests;
			productReference = 657FA2A8204E985F007DDF52 /* TuyaSmartHomeKitDemoTests.xctest */;
			productType = "com.apple.product-type.bundle.unit-test";
		};
		657FA2B2204E985F007DDF52 /* TuyaSmartHomeKitDemoUITests */ = {
			isa = PBXNativeTarget;
			buildConfigurationList = 657FA2C2204E985F007DDF52 /* Build configuration list for PBXNativeTarget "TuyaSmartHomeKitDemoUITests" */;
			buildPhases = (
				657FA2AF204E985F007DDF52 /* Sources */,
				657FA2B0204E985F007DDF52 /* Frameworks */,
				657FA2B1204E985F007DDF52 /* Resources */,
			);
			buildRules = (
			);
			dependencies = (
				657FA2B5204E985F007DDF52 /* PBXTargetDependency */,
			);
			name = TuyaSmartHomeKitDemoUITests;
			productName = TuyaSmartHomeKitDemoUITests;
			productReference = 657FA2B3204E985F007DDF52 /* TuyaSmartHomeKitDemoUITests.xctest */;
			productType = "com.apple.product-type.bundle.ui-testing";
		};
/* End PBXNativeTarget section */

/* Begin PBXProject section */
		657FA288204E985F007DDF52 /* Project object */ = {
			isa = PBXProject;
			attributes = {
				LastUpgradeCheck = 0920;
				ORGANIZATIONNAME = xcc;
				TargetAttributes = {
					657FA28F204E985F007DDF52 = {
						CreatedOnToolsVersion = 9.2;
						ProvisioningStyle = Automatic;
					};
					657FA2A7204E985F007DDF52 = {
						CreatedOnToolsVersion = 9.2;
						ProvisioningStyle = Automatic;
						TestTargetID = 657FA28F204E985F007DDF52;
					};
					657FA2B2204E985F007DDF52 = {
						CreatedOnToolsVersion = 9.2;
						ProvisioningStyle = Automatic;
						TestTargetID = 657FA28F204E985F007DDF52;
					};
				};
			};
			buildConfigurationList = 657FA28B204E985F007DDF52 /* Build configuration list for PBXProject "TuyaSmartHomeKitDemo" */;
			compatibilityVersion = "Xcode 8.0";
			developmentRegion = en;
			hasScannedForEncodings = 0;
			knownRegions = (
				en,
				Base,
			);
			mainGroup = 657FA287204E985F007DDF52;
			productRefGroup = 657FA291204E985F007DDF52 /* Products */;
			projectDirPath = "";
			projectRoot = "";
			targets = (
				657FA28F204E985F007DDF52 /* TuyaSmartHomeKitDemo */,
				657FA2A7204E985F007DDF52 /* TuyaSmartHomeKitDemoTests */,
				657FA2B2204E985F007DDF52 /* TuyaSmartHomeKitDemoUITests */,
			);
		};
/* End PBXProject section */

/* Begin PBXResourcesBuildPhase section */
		657FA28E204E985F007DDF52 /* Resources */ = {
			isa = PBXResourcesBuildPhase;
			buildActionMask = 2147483647;
			files = (
				657FA2A0204E985F007DDF52 /* LaunchScreen.storyboard in Resources */,
				657FA29D204E985F007DDF52 /* Assets.xcassets in Resources */,
				657FA29B204E985F007DDF52 /* Main.storyboard in Resources */,
				657141E3206F320100A04C0E /* TuyaSmartHomeKit.podspec in Resources */,
			);
			runOnlyForDeploymentPostprocessing = 0;
		};
		657FA2A6204E985F007DDF52 /* Resources */ = {
			isa = PBXResourcesBuildPhase;
			buildActionMask = 2147483647;
			files = (
			);
			runOnlyForDeploymentPostprocessing = 0;
		};
		657FA2B1204E985F007DDF52 /* Resources */ = {
			isa = PBXResourcesBuildPhase;
			buildActionMask = 2147483647;
			files = (
			);
			runOnlyForDeploymentPostprocessing = 0;
		};
/* End PBXResourcesBuildPhase section */

/* Begin PBXShellScriptBuildPhase section */
		2B9A9C9A3FD29784589647A1 /* [CP] Check Pods Manifest.lock */ = {
			isa = PBXShellScriptBuildPhase;
			buildActionMask = 2147483647;
			files = (
			);
			inputPaths = (
				"${PODS_PODFILE_DIR_PATH}/Podfile.lock",
				"${PODS_ROOT}/Manifest.lock",
			);
			name = "[CP] Check Pods Manifest.lock";
			outputPaths = (
				"$(DERIVED_FILE_DIR)/Pods-TuyaSmartHomeKitDemo-checkManifestLockResult.txt",
			);
			runOnlyForDeploymentPostprocessing = 0;
			shellPath = /bin/sh;
			shellScript = "diff \"${PODS_PODFILE_DIR_PATH}/Podfile.lock\" \"${PODS_ROOT}/Manifest.lock\" > /dev/null\nif [ $? != 0 ] ; then\n    # print error to STDERR\n    echo \"error: The sandbox is not in sync with the Podfile.lock. Run 'pod install' or update your CocoaPods installation.\" >&2\n    exit 1\nfi\n# This output is used by Xcode 'outputs' to avoid re-running this script phase.\necho \"SUCCESS\" > \"${SCRIPT_OUTPUT_FILE_0}\"\n";
			showEnvVarsInLog = 0;
		};
		2C528ADB61EF254B22715606 /* [CP] Copy Pods Resources */ = {
			isa = PBXShellScriptBuildPhase;
			buildActionMask = 2147483647;
			files = (
			);
			inputPaths = (
				"${SRCROOT}/Pods/Target Support Files/Pods-TuyaSmartHomeKitDemo/Pods-TuyaSmartHomeKitDemo-resources.sh",
				"${PODS_ROOT}/MJRefresh/MJRefresh/MJRefresh.bundle",
			);
			name = "[CP] Copy Pods Resources";
			outputPaths = (
				"${TARGET_BUILD_DIR}/${UNLOCALIZED_RESOURCES_FOLDER_PATH}",
			);
			runOnlyForDeploymentPostprocessing = 0;
			shellPath = /bin/sh;
			shellScript = "\"${SRCROOT}/Pods/Target Support Files/Pods-TuyaSmartHomeKitDemo/Pods-TuyaSmartHomeKitDemo-resources.sh\"\n";
			showEnvVarsInLog = 0;
		};
		D8FB31B87DDC35CDAF04F442 /* [CP] Embed Pods Frameworks */ = {
			isa = PBXShellScriptBuildPhase;
			buildActionMask = 2147483647;
			files = (
			);
			inputPaths = (
			);
			name = "[CP] Embed Pods Frameworks";
			outputPaths = (
			);
			runOnlyForDeploymentPostprocessing = 0;
			shellPath = /bin/sh;
			shellScript = "\"${SRCROOT}/Pods/Target Support Files/Pods-TuyaSmartHomeKitDemo/Pods-TuyaSmartHomeKitDemo-frameworks.sh\"\n";
			showEnvVarsInLog = 0;
		};
/* End PBXShellScriptBuildPhase section */

/* Begin PBXSourcesBuildPhase section */
		657FA28C204E985F007DDF52 /* Sources */ = {
			isa = PBXSourcesBuildPhase;
			buildActionMask = 2147483647;
			files = (
				657FA298204E985F007DDF52 /* ViewController.m in Sources */,
				657FA2A3204E985F007DDF52 /* main.m in Sources */,
				657FA295204E985F007DDF52 /* AppDelegate.m in Sources */,
			);
			runOnlyForDeploymentPostprocessing = 0;
		};
		657FA2A4204E985F007DDF52 /* Sources */ = {
			isa = PBXSourcesBuildPhase;
			buildActionMask = 2147483647;
			files = (
				657FA2AD204E985F007DDF52 /* TuyaSmartHomeKitDemoTests.m in Sources */,
			);
			runOnlyForDeploymentPostprocessing = 0;
		};
		657FA2AF204E985F007DDF52 /* Sources */ = {
			isa = PBXSourcesBuildPhase;
			buildActionMask = 2147483647;
			files = (
				657FA2B8204E985F007DDF52 /* TuyaSmartHomeKitDemoUITests.m in Sources */,
			);
			runOnlyForDeploymentPostprocessing = 0;
		};
/* End PBXSourcesBuildPhase section */

/* Begin PBXTargetDependency section */
		657FA2AA204E985F007DDF52 /* PBXTargetDependency */ = {
			isa = PBXTargetDependency;
			target = 657FA28F204E985F007DDF52 /* TuyaSmartHomeKitDemo */;
			targetProxy = 657FA2A9204E985F007DDF52 /* PBXContainerItemProxy */;
		};
		657FA2B5204E985F007DDF52 /* PBXTargetDependency */ = {
			isa = PBXTargetDependency;
			target = 657FA28F204E985F007DDF52 /* TuyaSmartHomeKitDemo */;
			targetProxy = 657FA2B4204E985F007DDF52 /* PBXContainerItemProxy */;
		};
/* End PBXTargetDependency section */

/* Begin PBXVariantGroup section */
		657FA299204E985F007DDF52 /* Main.storyboard */ = {
			isa = PBXVariantGroup;
			children = (
				657FA29A204E985F007DDF52 /* Base */,
			);
			name = Main.storyboard;
			sourceTree = "<group>";
		};
		657FA29E204E985F007DDF52 /* LaunchScreen.storyboard */ = {
			isa = PBXVariantGroup;
			children = (
				657FA29F204E985F007DDF52 /* Base */,
			);
			name = LaunchScreen.storyboard;
			sourceTree = "<group>";
		};
/* End PBXVariantGroup section */

/* Begin XCBuildConfiguration section */
		657FA2BA204E985F007DDF52 /* Debug */ = {
			isa = XCBuildConfiguration;
			buildSettings = {
				ALWAYS_SEARCH_USER_PATHS = NO;
				CLANG_ANALYZER_NONNULL = YES;
				CLANG_ANALYZER_NUMBER_OBJECT_CONVERSION = YES_AGGRESSIVE;
				CLANG_CXX_LANGUAGE_STANDARD = "gnu++14";
				CLANG_CXX_LIBRARY = "libc++";
				CLANG_ENABLE_MODULES = YES;
				CLANG_ENABLE_OBJC_ARC = YES;
				CLANG_WARN_BLOCK_CAPTURE_AUTORELEASING = YES;
				CLANG_WARN_BOOL_CONVERSION = YES;
				CLANG_WARN_COMMA = YES;
				CLANG_WARN_CONSTANT_CONVERSION = YES;
				CLANG_WARN_DIRECT_OBJC_ISA_USAGE = YES_ERROR;
				CLANG_WARN_DOCUMENTATION_COMMENTS = YES;
				CLANG_WARN_EMPTY_BODY = YES;
				CLANG_WARN_ENUM_CONVERSION = YES;
				CLANG_WARN_INFINITE_RECURSION = YES;
				CLANG_WARN_INT_CONVERSION = YES;
				CLANG_WARN_NON_LITERAL_NULL_CONVERSION = YES;
				CLANG_WARN_OBJC_LITERAL_CONVERSION = YES;
				CLANG_WARN_OBJC_ROOT_CLASS = YES_ERROR;
				CLANG_WARN_RANGE_LOOP_ANALYSIS = YES;
				CLANG_WARN_STRICT_PROTOTYPES = YES;
				CLANG_WARN_SUSPICIOUS_MOVE = YES;
				CLANG_WARN_UNGUARDED_AVAILABILITY = YES_AGGRESSIVE;
				CLANG_WARN_UNREACHABLE_CODE = YES;
				CLANG_WARN__DUPLICATE_METHOD_MATCH = YES;
				CODE_SIGN_IDENTITY = "iPhone Developer";
				COPY_PHASE_STRIP = NO;
				DEBUG_INFORMATION_FORMAT = dwarf;
				ENABLE_STRICT_OBJC_MSGSEND = YES;
				ENABLE_TESTABILITY = YES;
				GCC_C_LANGUAGE_STANDARD = gnu11;
				GCC_DYNAMIC_NO_PIC = NO;
				GCC_NO_COMMON_BLOCKS = YES;
				GCC_OPTIMIZATION_LEVEL = 0;
				GCC_PREPROCESSOR_DEFINITIONS = (
					"DEBUG=1",
					"$(inherited)",
				);
				GCC_WARN_64_TO_32_BIT_CONVERSION = YES;
				GCC_WARN_ABOUT_RETURN_TYPE = YES_ERROR;
				GCC_WARN_UNDECLARED_SELECTOR = YES;
				GCC_WARN_UNINITIALIZED_AUTOS = YES_AGGRESSIVE;
				GCC_WARN_UNUSED_FUNCTION = YES;
				GCC_WARN_UNUSED_VARIABLE = YES;
				IPHONEOS_DEPLOYMENT_TARGET = 11.2;
				MTL_ENABLE_DEBUG_INFO = YES;
				ONLY_ACTIVE_ARCH = YES;
				SDKROOT = iphoneos;
			};
			name = Debug;
		};
		657FA2BB204E985F007DDF52 /* Release */ = {
			isa = XCBuildConfiguration;
			buildSettings = {
				ALWAYS_SEARCH_USER_PATHS = NO;
				CLANG_ANALYZER_NONNULL = YES;
				CLANG_ANALYZER_NUMBER_OBJECT_CONVERSION = YES_AGGRESSIVE;
				CLANG_CXX_LANGUAGE_STANDARD = "gnu++14";
				CLANG_CXX_LIBRARY = "libc++";
				CLANG_ENABLE_MODULES = YES;
				CLANG_ENABLE_OBJC_ARC = YES;
				CLANG_WARN_BLOCK_CAPTURE_AUTORELEASING = YES;
				CLANG_WARN_BOOL_CONVERSION = YES;
				CLANG_WARN_COMMA = YES;
				CLANG_WARN_CONSTANT_CONVERSION = YES;
				CLANG_WARN_DIRECT_OBJC_ISA_USAGE = YES_ERROR;
				CLANG_WARN_DOCUMENTATION_COMMENTS = YES;
				CLANG_WARN_EMPTY_BODY = YES;
				CLANG_WARN_ENUM_CONVERSION = YES;
				CLANG_WARN_INFINITE_RECURSION = YES;
				CLANG_WARN_INT_CONVERSION = YES;
				CLANG_WARN_NON_LITERAL_NULL_CONVERSION = YES;
				CLANG_WARN_OBJC_LITERAL_CONVERSION = YES;
				CLANG_WARN_OBJC_ROOT_CLASS = YES_ERROR;
				CLANG_WARN_RANGE_LOOP_ANALYSIS = YES;
				CLANG_WARN_STRICT_PROTOTYPES = YES;
				CLANG_WARN_SUSPICIOUS_MOVE = YES;
				CLANG_WARN_UNGUARDED_AVAILABILITY = YES_AGGRESSIVE;
				CLANG_WARN_UNREACHABLE_CODE = YES;
				CLANG_WARN__DUPLICATE_METHOD_MATCH = YES;
				CODE_SIGN_IDENTITY = "iPhone Developer";
				COPY_PHASE_STRIP = NO;
				DEBUG_INFORMATION_FORMAT = "dwarf-with-dsym";
				ENABLE_NS_ASSERTIONS = NO;
				ENABLE_STRICT_OBJC_MSGSEND = YES;
				GCC_C_LANGUAGE_STANDARD = gnu11;
				GCC_NO_COMMON_BLOCKS = YES;
				GCC_WARN_64_TO_32_BIT_CONVERSION = YES;
				GCC_WARN_ABOUT_RETURN_TYPE = YES_ERROR;
				GCC_WARN_UNDECLARED_SELECTOR = YES;
				GCC_WARN_UNINITIALIZED_AUTOS = YES_AGGRESSIVE;
				GCC_WARN_UNUSED_FUNCTION = YES;
				GCC_WARN_UNUSED_VARIABLE = YES;
				IPHONEOS_DEPLOYMENT_TARGET = 11.2;
				MTL_ENABLE_DEBUG_INFO = NO;
				SDKROOT = iphoneos;
				VALIDATE_PRODUCT = YES;
			};
			name = Release;
		};
		657FA2BD204E985F007DDF52 /* Debug */ = {
			isa = XCBuildConfiguration;
			baseConfigurationReference = B8C15E627DDE40CA5A025D07 /* Pods-TuyaSmartHomeKitDemo.debug.xcconfig */;
			buildSettings = {
				ASSETCATALOG_COMPILER_APPICON_NAME = AppIcon;
				CODE_SIGN_STYLE = Automatic;
				DEVELOPMENT_TEAM = 94JFPTRDN5;
				INFOPLIST_FILE = TuyaSmartHomeKitDemo/Info.plist;
				LD_RUNPATH_SEARCH_PATHS = "$(inherited) @executable_path/Frameworks";
				PRODUCT_BUNDLE_IDENTIFIER = com.ty.TuyaSmartHomeKitDemo;
				PRODUCT_NAME = "$(TARGET_NAME)";
				TARGETED_DEVICE_FAMILY = "1,2";
			};
			name = Debug;
		};
		657FA2BE204E985F007DDF52 /* Release */ = {
			isa = XCBuildConfiguration;
			baseConfigurationReference = 0ABC6B8B227D22BBC58AB26F /* Pods-TuyaSmartHomeKitDemo.release.xcconfig */;
			buildSettings = {
				ASSETCATALOG_COMPILER_APPICON_NAME = AppIcon;
				CODE_SIGN_STYLE = Automatic;
				DEVELOPMENT_TEAM = 94JFPTRDN5;
				INFOPLIST_FILE = TuyaSmartHomeKitDemo/Info.plist;
				LD_RUNPATH_SEARCH_PATHS = "$(inherited) @executable_path/Frameworks";
				PRODUCT_BUNDLE_IDENTIFIER = com.ty.TuyaSmartHomeKitDemo;
				PRODUCT_NAME = "$(TARGET_NAME)";
				TARGETED_DEVICE_FAMILY = "1,2";
			};
			name = Release;
		};
		657FA2C0204E985F007DDF52 /* Debug */ = {
			isa = XCBuildConfiguration;
			buildSettings = {
				BUNDLE_LOADER = "$(TEST_HOST)";
				CODE_SIGN_STYLE = Automatic;
				DEVELOPMENT_TEAM = 94JFPTRDN5;
				INFOPLIST_FILE = TuyaSmartHomeKitDemoTests/Info.plist;
				LD_RUNPATH_SEARCH_PATHS = "$(inherited) @executable_path/Frameworks @loader_path/Frameworks";
				PRODUCT_BUNDLE_IDENTIFIER = com.ty.TuyaSmartHomeKitDemoTests;
				PRODUCT_NAME = "$(TARGET_NAME)";
				TARGETED_DEVICE_FAMILY = "1,2";
				TEST_HOST = "$(BUILT_PRODUCTS_DIR)/TuyaSmartHomeKitDemo.app/TuyaSmartHomeKitDemo";
			};
			name = Debug;
		};
		657FA2C1204E985F007DDF52 /* Release */ = {
			isa = XCBuildConfiguration;
			buildSettings = {
				BUNDLE_LOADER = "$(TEST_HOST)";
				CODE_SIGN_STYLE = Automatic;
				DEVELOPMENT_TEAM = 94JFPTRDN5;
				INFOPLIST_FILE = TuyaSmartHomeKitDemoTests/Info.plist;
				LD_RUNPATH_SEARCH_PATHS = "$(inherited) @executable_path/Frameworks @loader_path/Frameworks";
				PRODUCT_BUNDLE_IDENTIFIER = com.ty.TuyaSmartHomeKitDemoTests;
				PRODUCT_NAME = "$(TARGET_NAME)";
				TARGETED_DEVICE_FAMILY = "1,2";
				TEST_HOST = "$(BUILT_PRODUCTS_DIR)/TuyaSmartHomeKitDemo.app/TuyaSmartHomeKitDemo";
			};
			name = Release;
		};
		657FA2C3204E985F007DDF52 /* Debug */ = {
			isa = XCBuildConfiguration;
			buildSettings = {
				CODE_SIGN_STYLE = Automatic;
				DEVELOPMENT_TEAM = 94JFPTRDN5;
				INFOPLIST_FILE = TuyaSmartHomeKitDemoUITests/Info.plist;
				LD_RUNPATH_SEARCH_PATHS = "$(inherited) @executable_path/Frameworks @loader_path/Frameworks";
				PRODUCT_BUNDLE_IDENTIFIER = com.ty.TuyaSmartHomeKitDemoUITests;
				PRODUCT_NAME = "$(TARGET_NAME)";
				TARGETED_DEVICE_FAMILY = "1,2";
				TEST_TARGET_NAME = TuyaSmartHomeKitDemo;
			};
			name = Debug;
		};
		657FA2C4204E985F007DDF52 /* Release */ = {
			isa = XCBuildConfiguration;
			buildSettings = {
				CODE_SIGN_STYLE = Automatic;
				DEVELOPMENT_TEAM = 94JFPTRDN5;
				INFOPLIST_FILE = TuyaSmartHomeKitDemoUITests/Info.plist;
				LD_RUNPATH_SEARCH_PATHS = "$(inherited) @executable_path/Frameworks @loader_path/Frameworks";
				PRODUCT_BUNDLE_IDENTIFIER = com.ty.TuyaSmartHomeKitDemoUITests;
				PRODUCT_NAME = "$(TARGET_NAME)";
				TARGETED_DEVICE_FAMILY = "1,2";
				TEST_TARGET_NAME = TuyaSmartHomeKitDemo;
			};
			name = Release;
		};
/* End XCBuildConfiguration section */

/* Begin XCConfigurationList section */
		657FA28B204E985F007DDF52 /* Build configuration list for PBXProject "TuyaSmartHomeKitDemo" */ = {
			isa = XCConfigurationList;
			buildConfigurations = (
				657FA2BA204E985F007DDF52 /* Debug */,
				657FA2BB204E985F007DDF52 /* Release */,
			);
			defaultConfigurationIsVisible = 0;
			defaultConfigurationName = Release;
		};
		657FA2BC204E985F007DDF52 /* Build configuration list for PBXNativeTarget "TuyaSmartHomeKitDemo" */ = {
			isa = XCConfigurationList;
			buildConfigurations = (
				657FA2BD204E985F007DDF52 /* Debug */,
				657FA2BE204E985F007DDF52 /* Release */,
			);
			defaultConfigurationIsVisible = 0;
			defaultConfigurationName = Release;
		};
		657FA2BF204E985F007DDF52 /* Build configuration list for PBXNativeTarget "TuyaSmartHomeKitDemoTests" */ = {
			isa = XCConfigurationList;
			buildConfigurations = (
				657FA2C0204E985F007DDF52 /* Debug */,
				657FA2C1204E985F007DDF52 /* Release */,
			);
			defaultConfigurationIsVisible = 0;
			defaultConfigurationName = Release;
		};
		657FA2C2204E985F007DDF52 /* Build configuration list for PBXNativeTarget "TuyaSmartHomeKitDemoUITests" */ = {
			isa = XCConfigurationList;
			buildConfigurations = (
				657FA2C3204E985F007DDF52 /* Debug */,
				657FA2C4204E985F007DDF52 /* Release */,
			);
			defaultConfigurationIsVisible = 0;
			defaultConfigurationName = Release;
		};
/* End XCConfigurationList section */
	};
	rootObject = 657FA288204E985F007DDF52 /* Project object */;
}
